{
  "version": 4,
  "terraform_version": "1.12.2",
  "serial": 25,
  "lineage": "85623e44-55b8-9d65-cc37-4e96e43e26d6",
  "outputs": {
    "api_gateway_execution_arn": {
      "value": "arn:aws:execute-api:us-east-1:567877624442:ykdr1e3le7",
      "type": "string"
    },
    "api_gateway_id": {
      "value": "ykdr1e3le7",
      "type": "string"
    },
    "certificate_arn": {
      "value": "arn:aws:acm:us-east-1:567877624442:certificate/b41f7d78-ae29-4739-b284-b4d4b34f20e5",
      "type": "string"
    },
    "domain_endpoints": {
      "value": {
        "admin_panel": "https://admin.codai.ro",
        "api_gateway": "https://api.codai.ro",
        "apps_portal": "https://apps.codai.ro",
        "docs": "https://docs.codai.ro",
        "gateway": "https://gateway.codai.ro",
        "main_site": "https://codai.ro"
      },
      "type": [
        "object",
        {
          "admin_panel": "string",
          "api_gateway": "string",
          "apps_portal": "string",
          "docs": "string",
          "gateway": "string",
          "main_site": "string"
        }
      ]
    },
    "dynamodb_tables": {
      "value": {
        "api_keys": "codai-api-keys",
        "projects": "codai-projects",
        "users": "codai-users"
      },
      "type": [
        "object",
        {
          "api_keys": "string",
          "projects": "string",
          "users": "string"
        }
      ]
    },
    "hosted_zone_id": {
      "value": "Z03037813O8QWDG7XRT24",
      "type": "string"
    },
    "hosted_zone_name_servers": {
      "value": [
        "ns-1457.awsdns-54.org",
        "ns-1779.awsdns-30.co.uk",
        "ns-55.awsdns-06.com",
        "ns-822.awsdns-38.net"
      ],
      "type": [
        "list",
        "string"
      ]
    }
  },
  "resources": [
    {
      "mode": "data",
      "type": "aws_caller_identity",
      "name": "current",
      "provider": "provider[\"registry.terraform.io/hashicorp/aws\"]",
      "instances": [
        {
          "schema_version": 0,
          "attributes": {
            "account_id": "567877624442",
            "arn": "arn:aws:iam::567877624442:user/codai-deployer",
            "id": "567877624442",
            "user_id": "AIDAYIOBE4J5MDCEUH3X7"
          },
          "sensitive_attributes": [],
          "identity_schema_version": 0
        }
      ]
    },
    {
      "mode": "data",
      "type": "aws_region",
      "name": "current",
      "provider": "provider[\"registry.terraform.io/hashicorp/aws\"]",
      "instances": [
        {
          "schema_version": 0,
          "attributes": {
            "description": "US East (N. Virginia)",
            "endpoint": "ec2.us-east-1.amazonaws.com",
            "id": "us-east-1",
            "name": "us-east-1"
          },
          "sensitive_attributes": [],
          "identity_schema_version": 0
        }
      ]
    },
    {
      "mode": "managed",
      "type": "aws_acm_certificate",
      "name": "codai_wildcard",
      "provider": "provider[\"registry.terraform.io/hashicorp/aws\"]",
      "instances": [
        {
          "schema_version": 0,
          "attributes": {
            "arn": "arn:aws:acm:us-east-1:567877624442:certificate/b41f7d78-ae29-4739-b284-b4d4b34f20e5",
            "certificate_authority_arn": "",
            "certificate_body": null,
            "certificate_chain": null,
            "domain_name": "*.codai.ro",
            "domain_validation_options": [
              {
                "domain_name": "*.codai.ro",
                "resource_record_name": "_53ae83bd7c62c9a3ba720c1daef04f0e.codai.ro.",
                "resource_record_type": "CNAME",
                "resource_record_value": "_cdf0bc9c4d14f8a298a72222503b451e.xlfgrmvvlj.acm-validations.aws."
              },
              {
                "domain_name": "codai.ro",
                "resource_record_name": "_53ae83bd7c62c9a3ba720c1daef04f0e.codai.ro.",
                "resource_record_type": "CNAME",
                "resource_record_value": "_cdf0bc9c4d14f8a298a72222503b451e.xlfgrmvvlj.acm-validations.aws."
              }
            ],
            "early_renewal_duration": "",
            "id": "arn:aws:acm:us-east-1:567877624442:certificate/b41f7d78-ae29-4739-b284-b4d4b34f20e5",
            "key_algorithm": "RSA_2048",
            "not_after": "",
            "not_before": "",
            "options": [
              {
                "certificate_transparency_logging_preference": "ENABLED"
              }
            ],
            "pending_renewal": false,
            "private_key": null,
            "renewal_eligibility": "INELIGIBLE",
            "renewal_summary": [],
            "status": "PENDING_VALIDATION",
            "subject_alternative_names": [
              "*.codai.ro",
              "codai.ro"
            ],
            "tags": {
              "Environment": "production",
              "Name": "codai-wildcard-cert",
              "Project": "CODAI"
            },
            "tags_all": {
              "Component": "consolidated",
              "Environment": "production",
              "ManagedBy": "terraform",
              "Name": "codai-wildcard-cert",
              "Phase": "5",
              "Project": "CODAI"
            },
            "type": "AMAZON_ISSUED",
            "validation_emails": [],
            "validation_method": "DNS",
            "validation_option": []
          },
          "sensitive_attributes": [
            [
              {
                "type": "get_attr",
                "value": "private_key"
              }
            ]
          ],
          "identity_schema_version": 0,
          "private": "bnVsbA==",
          "create_before_destroy": true
        }
      ]
    },
    {
      "mode": "managed",
      "type": "aws_apigatewayv2_api",
      "name": "codai_gateway",
      "provider": "provider[\"registry.terraform.io/hashicorp/aws\"]",
      "instances": [
        {
          "schema_version": 0,
          "attributes": {
            "api_endpoint": "https://ykdr1e3le7.execute-api.us-east-1.amazonaws.com",
            "api_key_selection_expression": "$request.header.x-api-key",
            "arn": "arn:aws:apigateway:us-east-1::/apis/ykdr1e3le7",
            "body": null,
            "cors_configuration": [
              {
                "allow_credentials": true,
                "allow_headers": [
                  "authorization",
                  "content-type",
                  "x-amz-date",
                  "x-amz-security-token",
                  "x-api-key"
                ],
                "allow_methods": [
                  "*"
                ],
                "allow_origins": [
                  "https://admin.codai.ro",
                  "https://apps.codai.ro",
                  "https://codai.ro",
                  "https://www.codai.ro"
                ],
                "expose_headers": [
                  "date",
                  "keep-alive"
                ],
                "max_age": 86400
              }
            ],
            "credentials_arn": null,
            "description": "CODAI API Gateway with authentication",
            "disable_execute_api_endpoint": false,
            "execution_arn": "arn:aws:execute-api:us-east-1:567877624442:ykdr1e3le7",
            "fail_on_warnings": null,
            "id": "ykdr1e3le7",
            "ip_address_type": "ipv4",
            "name": "codai-api-gateway",
            "protocol_type": "HTTP",
            "route_key": null,
            "route_selection_expression": "$request.method $request.path",
            "tags": {
              "Environment": "production",
              "Name": "codai-api-gateway",
              "Project": "CODAI"
            },
            "tags_all": {
              "Component": "consolidated",
              "Environment": "production",
              "ManagedBy": "terraform",
              "Name": "codai-api-gateway",
              "Phase": "5",
              "Project": "CODAI"
            },
            "target": null,
            "version": ""
          },
          "sensitive_attributes": [],
          "identity_schema_version": 0,
          "private": "bnVsbA=="
        }
      ]
    },
    {
      "mode": "managed",
      "type": "aws_dynamodb_table",
      "name": "api_keys",
      "provider": "provider[\"registry.terraform.io/hashicorp/aws\"]",
      "instances": [
        {
          "schema_version": 1,
          "attributes": {
            "arn": "arn:aws:dynamodb:us-east-1:567877624442:table/codai-api-keys",
            "attribute": [
              {
                "name": "key_id",
                "type": "S"
              },
              {
                "name": "project_id",
                "type": "S"
              }
            ],
            "billing_mode": "PAY_PER_REQUEST",
            "deletion_protection_enabled": false,
            "global_secondary_index": [
              {
                "hash_key": "project_id",
                "name": "project-index",
                "non_key_attributes": [],
                "on_demand_throughput": [],
                "projection_type": "ALL",
                "range_key": "",
                "read_capacity": 0,
                "write_capacity": 0
              }
            ],
            "hash_key": "key_id",
            "id": "codai-api-keys",
            "import_table": [],
            "local_secondary_index": [],
            "name": "codai-api-keys",
            "on_demand_throughput": [],
            "point_in_time_recovery": [
              {
                "enabled": false,
                "recovery_period_in_days": 0
              }
            ],
            "range_key": null,
            "read_capacity": 0,
            "replica": [],
            "restore_date_time": null,
            "restore_source_name": null,
            "restore_source_table_arn": null,
            "restore_to_latest_time": null,
            "server_side_encryption": [],
            "stream_arn": "",
            "stream_enabled": false,
            "stream_label": "",
            "stream_view_type": "",
            "table_class": "STANDARD",
            "tags": {
              "Environment": "production",
              "Name": "codai-api-keys",
              "Project": "CODAI"
            },
            "tags_all": {
              "Component": "consolidated",
              "Environment": "production",
              "ManagedBy": "terraform",
              "Name": "codai-api-keys",
              "Phase": "5",
              "Project": "CODAI"
            },
            "timeouts": null,
            "ttl": [
              {
                "attribute_name": "expires_at",
                "enabled": true
              }
            ],
            "write_capacity": 0
          },
          "sensitive_attributes": [],
          "identity_schema_version": 0,
          "private": "eyJlMmJmYjczMC1lY2FhLTExZTYtOGY4OC0zNDM2M2JjN2M0YzAiOnsiY3JlYXRlIjoxODAwMDAwMDAwMDAwLCJkZWxldGUiOjYwMDAwMDAwMDAwMCwidXBkYXRlIjozNjAwMDAwMDAwMDAwfSwic2NoZW1hX3ZlcnNpb24iOiIxIn0="
        }
      ]
    },
    {
      "mode": "managed",
      "type": "aws_dynamodb_table",
      "name": "projects",
      "provider": "provider[\"registry.terraform.io/hashicorp/aws\"]",
      "instances": [
        {
          "schema_version": 1,
          "attributes": {
            "arn": "arn:aws:dynamodb:us-east-1:567877624442:table/codai-projects",
            "attribute": [
              {
                "name": "project_id",
                "type": "S"
              },
              {
                "name": "user_id",
                "type": "S"
              }
            ],
            "billing_mode": "PAY_PER_REQUEST",
            "deletion_protection_enabled": false,
            "global_secondary_index": [
              {
                "hash_key": "user_id",
                "name": "user-index",
                "non_key_attributes": [],
                "on_demand_throughput": [],
                "projection_type": "ALL",
                "range_key": "",
                "read_capacity": 0,
                "write_capacity": 0
              }
            ],
            "hash_key": "project_id",
            "id": "codai-projects",
            "import_table": [],
            "local_secondary_index": [],
            "name": "codai-projects",
            "on_demand_throughput": [],
            "point_in_time_recovery": [
              {
                "enabled": false,
                "recovery_period_in_days": 0
              }
            ],
            "range_key": null,
            "read_capacity": 0,
            "replica": [],
            "restore_date_time": null,
            "restore_source_name": null,
            "restore_source_table_arn": null,
            "restore_to_latest_time": null,
            "server_side_encryption": [],
            "stream_arn": "",
            "stream_enabled": false,
            "stream_label": "",
            "stream_view_type": "",
            "table_class": "STANDARD",
            "tags": {
              "Environment": "production",
              "Name": "codai-projects",
              "Project": "CODAI"
            },
            "tags_all": {
              "Component": "consolidated",
              "Environment": "production",
              "ManagedBy": "terraform",
              "Name": "codai-projects",
              "Phase": "5",
              "Project": "CODAI"
            },
            "timeouts": null,
            "ttl": [
              {
                "attribute_name": "",
                "enabled": false
              }
            ],
            "write_capacity": 0
          },
          "sensitive_attributes": [],
          "identity_schema_version": 0,
          "private": "eyJlMmJmYjczMC1lY2FhLTExZTYtOGY4OC0zNDM2M2JjN2M0YzAiOnsiY3JlYXRlIjoxODAwMDAwMDAwMDAwLCJkZWxldGUiOjYwMDAwMDAwMDAwMCwidXBkYXRlIjozNjAwMDAwMDAwMDAwfSwic2NoZW1hX3ZlcnNpb24iOiIxIn0="
        }
      ]
    },
    {
      "mode": "managed",
      "type": "aws_dynamodb_table",
      "name": "users",
      "provider": "provider[\"registry.terraform.io/hashicorp/aws\"]",
      "instances": [
        {
          "schema_version": 1,
          "attributes": {
            "arn": "arn:aws:dynamodb:us-east-1:567877624442:table/codai-users",
            "attribute": [
              {
                "name": "email",
                "type": "S"
              },
              {
                "name": "user_id",
                "type": "S"
              }
            ],
            "billing_mode": "PAY_PER_REQUEST",
            "deletion_protection_enabled": false,
            "global_secondary_index": [
              {
                "hash_key": "email",
                "name": "email-index",
                "non_key_attributes": [],
                "on_demand_throughput": [],
                "projection_type": "ALL",
                "range_key": "",
                "read_capacity": 0,
                "write_capacity": 0
              }
            ],
            "hash_key": "user_id",
            "id": "codai-users",
            "import_table": [],
            "local_secondary_index": [],
            "name": "codai-users",
            "on_demand_throughput": [],
            "point_in_time_recovery": [
              {
                "enabled": false,
                "recovery_period_in_days": 0
              }
            ],
            "range_key": null,
            "read_capacity": 0,
            "replica": [],
            "restore_date_time": null,
            "restore_source_name": null,
            "restore_source_table_arn": null,
            "restore_to_latest_time": null,
            "server_side_encryption": [],
            "stream_arn": "",
            "stream_enabled": false,
            "stream_label": "",
            "stream_view_type": "",
            "table_class": "STANDARD",
            "tags": {
              "Environment": "production",
              "Name": "codai-users",
              "Project": "CODAI"
            },
            "tags_all": {
              "Component": "consolidated",
              "Environment": "production",
              "ManagedBy": "terraform",
              "Name": "codai-users",
              "Phase": "5",
              "Project": "CODAI"
            },
            "timeouts": null,
            "ttl": [
              {
                "attribute_name": "",
                "enabled": false
              }
            ],
            "write_capacity": 0
          },
          "sensitive_attributes": [],
          "identity_schema_version": 0,
          "private": "eyJlMmJmYjczMC1lY2FhLTExZTYtOGY4OC0zNDM2M2JjN2M0YzAiOnsiY3JlYXRlIjoxODAwMDAwMDAwMDAwLCJkZWxldGUiOjYwMDAwMDAwMDAwMCwidXBkYXRlIjozNjAwMDAwMDAwMDAwfSwic2NoZW1hX3ZlcnNpb24iOiIxIn0="
        }
      ]
    },
    {
      "mode": "managed",
      "type": "aws_route53_record",
      "name": "api",
      "provider": "provider[\"registry.terraform.io/hashicorp/aws\"]",
      "instances": [
        {
          "schema_version": 2,
          "attributes": {
            "alias": [],
            "allow_overwrite": null,
            "cidr_routing_policy": [],
            "failover_routing_policy": [],
            "fqdn": "api.codai.ro",
            "geolocation_routing_policy": [],
            "geoproximity_routing_policy": [],
            "health_check_id": "",
            "id": "Z03037813O8QWDG7XRT24_api.codai.ro_CNAME",
            "latency_routing_policy": [],
            "multivalue_answer_routing_policy": false,
            "name": "api.codai.ro",
            "records": [
              "codai-temp.example.com"
            ],
            "set_identifier": "",
            "timeouts": null,
            "ttl": 300,
            "type": "CNAME",
            "weighted_routing_policy": [],
            "zone_id": "Z03037813O8QWDG7XRT24"
          },
          "sensitive_attributes": [],
          "identity_schema_version": 0,
          "private": "eyJlMmJmYjczMC1lY2FhLTExZTYtOGY4OC0zNDM2M2JjN2M0YzAiOnsiY3JlYXRlIjoxODAwMDAwMDAwMDAwLCJkZWxldGUiOjE4MDAwMDAwMDAwMDAsInVwZGF0ZSI6MTgwMDAwMDAwMDAwMH0sInNjaGVtYV92ZXJzaW9uIjoiMiJ9",
          "dependencies": [
            "aws_route53_zone.codai_domain"
          ]
        }
      ]
    },
    {
      "mode": "managed",
      "type": "aws_route53_record",
      "name": "cert_validation",
      "provider": "provider[\"registry.terraform.io/hashicorp/aws\"]",
      "instances": [
        {
          "index_key": "*.codai.ro",
          "schema_version": 2,
          "attributes": {
            "alias": [],
            "allow_overwrite": true,
            "cidr_routing_policy": [],
            "failover_routing_policy": [],
            "fqdn": "_53ae83bd7c62c9a3ba720c1daef04f0e.codai.ro",
            "geolocation_routing_policy": [],
            "geoproximity_routing_policy": [],
            "health_check_id": "",
            "id": "Z03037813O8QWDG7XRT24__53ae83bd7c62c9a3ba720c1daef04f0e.codai.ro._CNAME",
            "latency_routing_policy": [],
            "multivalue_answer_routing_policy": false,
            "name": "_53ae83bd7c62c9a3ba720c1daef04f0e.codai.ro",
            "records": [
              "_cdf0bc9c4d14f8a298a72222503b451e.xlfgrmvvlj.acm-validations.aws."
            ],
            "set_identifier": "",
            "timeouts": null,
            "ttl": 60,
            "type": "CNAME",
            "weighted_routing_policy": [],
            "zone_id": "Z03037813O8QWDG7XRT24"
          },
          "sensitive_attributes": [],
          "identity_schema_version": 0,
          "private": "eyJlMmJmYjczMC1lY2FhLTExZTYtOGY4OC0zNDM2M2JjN2M0YzAiOnsiY3JlYXRlIjoxODAwMDAwMDAwMDAwLCJkZWxldGUiOjE4MDAwMDAwMDAwMDAsInVwZGF0ZSI6MTgwMDAwMDAwMDAwMH0sInNjaGVtYV92ZXJzaW9uIjoiMiJ9",
          "dependencies": [
            "aws_acm_certificate.codai_wildcard",
            "aws_route53_zone.codai_domain"
          ]
        },
        {
          "index_key": "codai.ro",
          "schema_version": 2,
          "attributes": {
            "alias": [],
            "allow_overwrite": true,
            "cidr_routing_policy": [],
            "failover_routing_policy": [],
            "fqdn": "_53ae83bd7c62c9a3ba720c1daef04f0e.codai.ro",
            "geolocation_routing_policy": [],
            "geoproximity_routing_policy": [],
            "health_check_id": "",
            "id": "Z03037813O8QWDG7XRT24__53ae83bd7c62c9a3ba720c1daef04f0e.codai.ro._CNAME",
            "latency_routing_policy": [],
            "multivalue_answer_routing_policy": false,
            "name": "_53ae83bd7c62c9a3ba720c1daef04f0e.codai.ro",
            "records": [
              "_cdf0bc9c4d14f8a298a72222503b451e.xlfgrmvvlj.acm-validations.aws."
            ],
            "set_identifier": "",
            "timeouts": null,
            "ttl": 60,
            "type": "CNAME",
            "weighted_routing_policy": [],
            "zone_id": "Z03037813O8QWDG7XRT24"
          },
          "sensitive_attributes": [],
          "identity_schema_version": 0,
          "private": "eyJlMmJmYjczMC1lY2FhLTExZTYtOGY4OC0zNDM2M2JjN2M0YzAiOnsiY3JlYXRlIjoxODAwMDAwMDAwMDAwLCJkZWxldGUiOjE4MDAwMDAwMDAwMDAsInVwZGF0ZSI6MTgwMDAwMDAwMDAwMH0sInNjaGVtYV92ZXJzaW9uIjoiMiJ9",
          "dependencies": [
            "aws_acm_certificate.codai_wildcard",
            "aws_route53_zone.codai_domain"
          ]
        }
      ]
    },
    {
      "mode": "managed",
      "type": "aws_route53_record",
      "name": "gateway",
      "provider": "provider[\"registry.terraform.io/hashicorp/aws\"]",
      "instances": [
        {
          "schema_version": 2,
          "attributes": {
            "alias": [],
            "allow_overwrite": null,
            "cidr_routing_policy": [],
            "failover_routing_policy": [],
            "fqdn": "gateway.codai.ro",
            "geolocation_routing_policy": [],
            "geoproximity_routing_policy": [],
            "health_check_id": "",
            "id": "Z03037813O8QWDG7XRT24_gateway.codai.ro_CNAME",
            "latency_routing_policy": [],
            "multivalue_answer_routing_policy": false,
            "name": "gateway.codai.ro",
            "records": [
              "codai-temp.example.com"
            ],
            "set_identifier": "",
            "timeouts": null,
            "ttl": 300,
            "type": "CNAME",
            "weighted_routing_policy": [],
            "zone_id": "Z03037813O8QWDG7XRT24"
          },
          "sensitive_attributes": [],
          "identity_schema_version": 0,
          "private": "eyJlMmJmYjczMC1lY2FhLTExZTYtOGY4OC0zNDM2M2JjN2M0YzAiOnsiY3JlYXRlIjoxODAwMDAwMDAwMDAwLCJkZWxldGUiOjE4MDAwMDAwMDAwMDAsInVwZGF0ZSI6MTgwMDAwMDAwMDAwMH0sInNjaGVtYV92ZXJzaW9uIjoiMiJ9",
          "dependencies": [
            "aws_route53_zone.codai_domain"
          ]
        }
      ]
    },
    {
      "mode": "managed",
      "type": "aws_route53_zone",
      "name": "codai_domain",
      "provider": "provider[\"registry.terraform.io/hashicorp/aws\"]",
      "instances": [
        {
          "schema_version": 0,
          "attributes": {
            "arn": "arn:aws:route53:::hostedzone/Z03037813O8QWDG7XRT24",
            "comment": "Managed by Terraform",
            "delegation_set_id": "",
            "force_destroy": false,
            "id": "Z03037813O8QWDG7XRT24",
            "name": "codai.ro",
            "name_servers": [
              "ns-1457.awsdns-54.org",
              "ns-1779.awsdns-30.co.uk",
              "ns-55.awsdns-06.com",
              "ns-822.awsdns-38.net"
            ],
            "primary_name_server": "ns-822.awsdns-38.net",
            "tags": {
              "Environment": "production",
              "Name": "codai-hosted-zone",
              "Project": "CODAI"
            },
            "tags_all": {
              "Component": "consolidated",
              "Environment": "production",
              "ManagedBy": "terraform",
              "Name": "codai-hosted-zone",
              "Phase": "5",
              "Project": "CODAI"
            },
            "timeouts": null,
            "vpc": [],
            "zone_id": "Z03037813O8QWDG7XRT24"
          },
          "sensitive_attributes": [],
          "identity_schema_version": 0,
          "private": "eyJlMmJmYjczMC1lY2FhLTExZTYtOGY4OC0zNDM2M2JjN2M0YzAiOnsiY3JlYXRlIjoxODAwMDAwMDAwMDAwLCJkZWxldGUiOjE4MDAwMDAwMDAwMDAsInVwZGF0ZSI6MTgwMDAwMDAwMDAwMH19"
        }
      ]
    },
    {
      "mode": "managed",
      "type": "aws_ssm_parameter",
      "name": "api_key_secret",
      "provider": "provider[\"registry.terraform.io/hashicorp/aws\"]",
      "instances": [
        {
          "schema_version": 0,
          "attributes": {
            "allowed_pattern": "",
            "arn": "arn:aws:ssm:us-east-1:567877624442:parameter/codai/api/key-secret",
            "data_type": "text",
            "description": "API key encryption secret",
            "has_value_wo": null,
            "id": "/codai/api/key-secret",
            "insecure_value": null,
            "key_id": "alias/aws/ssm",
            "name": "/codai/api/key-secret",
            "overwrite": null,
            "tags": {
              "Environment": "production",
              "Name": "codai-api-key-secret",
              "Project": "CODAI"
            },
            "tags_all": {
              "Component": "consolidated",
              "Environment": "production",
              "ManagedBy": "terraform",
              "Name": "codai-api-key-secret",
              "Phase": "5",
              "Project": "CODAI"
            },
            "tier": "Standard",
            "type": "SecureString",
            "value": "G=R9gYJkm-wslUx2::nL)Mfww4n=%l*\u003e",
            "value_wo": null,
            "value_wo_version": null,
            "version": 1
          },
          "sensitive_attributes": [
            [
              {
                "type": "get_attr",
                "value": "value"
              }
            ],
            [
              {
                "type": "get_attr",
                "value": "value_wo"
              }
            ]
          ],
          "identity_schema_version": 0,
          "private": "bnVsbA==",
          "dependencies": [
            "random_password.api_key_secret"
          ]
        }
      ]
    },
    {
      "mode": "managed",
      "type": "aws_ssm_parameter",
      "name": "inter_service_secret",
      "provider": "provider[\"registry.terraform.io/hashicorp/aws\"]",
      "instances": [
        {
          "schema_version": 0,
          "attributes": {
            "allowed_pattern": "",
            "arn": "arn:aws:ssm:us-east-1:567877624442:parameter/codai/services/inter-service-key",
            "data_type": "text",
            "description": "Inter-service communication key",
            "has_value_wo": null,
            "id": "/codai/services/inter-service-key",
            "insecure_value": null,
            "key_id": "alias/aws/ssm",
            "name": "/codai/services/inter-service-key",
            "overwrite": null,
            "tags": {
              "Environment": "production",
              "Name": "codai-inter-service-secret",
              "Project": "CODAI"
            },
            "tags_all": {
              "Component": "consolidated",
              "Environment": "production",
              "ManagedBy": "terraform",
              "Name": "codai-inter-service-secret",
              "Phase": "5",
              "Project": "CODAI"
            },
            "tier": "Standard",
            "type": "SecureString",
            "value": "C74p-[@F}{sAmzf=9xWLodA+g6p\u003cJE?Ayi_]\u003cJ4\u0026V_6=a%9w",
            "value_wo": null,
            "value_wo_version": null,
            "version": 1
          },
          "sensitive_attributes": [
            [
              {
                "type": "get_attr",
                "value": "value"
              }
            ],
            [
              {
                "type": "get_attr",
                "value": "value_wo"
              }
            ]
          ],
          "identity_schema_version": 0,
          "private": "bnVsbA==",
          "dependencies": [
            "random_password.inter_service_secret"
          ]
        }
      ]
    },
    {
      "mode": "managed",
      "type": "aws_ssm_parameter",
      "name": "jwt_secret",
      "provider": "provider[\"registry.terraform.io/hashicorp/aws\"]",
      "instances": [
        {
          "schema_version": 0,
          "attributes": {
            "allowed_pattern": "",
            "arn": "arn:aws:ssm:us-east-1:567877624442:parameter/codai/services/jwt-secret",
            "data_type": "text",
            "description": "JWT secret for service authentication",
            "has_value_wo": null,
            "id": "/codai/services/jwt-secret",
            "insecure_value": null,
            "key_id": "alias/aws/ssm",
            "name": "/codai/services/jwt-secret",
            "overwrite": null,
            "tags": {
              "Environment": "production",
              "Name": "codai-jwt-secret",
              "Project": "CODAI"
            },
            "tags_all": {
              "Component": "consolidated",
              "Environment": "production",
              "ManagedBy": "terraform",
              "Name": "codai-jwt-secret",
              "Phase": "5",
              "Project": "CODAI"
            },
            "tier": "Standard",
            "type": "SecureString",
            "value": "J42Irok#8ehRH]TU2pf+3=}#Ra6m?3nXhwJ[y[?QXMn=o\u003cScLtRy0N-%y{]ZV0k2",
            "value_wo": null,
            "value_wo_version": null,
            "version": 1
          },
          "sensitive_attributes": [
            [
              {
                "type": "get_attr",
                "value": "value"
              }
            ],
            [
              {
                "type": "get_attr",
                "value": "value_wo"
              }
            ]
          ],
          "identity_schema_version": 0,
          "private": "bnVsbA==",
          "dependencies": [
            "random_password.jwt_secret"
          ]
        }
      ]
    },
    {
      "mode": "managed",
      "type": "aws_ssm_parameter",
      "name": "master_admin_config",
      "provider": "provider[\"registry.terraform.io/hashicorp/aws\"]",
      "instances": [
        {
          "schema_version": 0,
          "attributes": {
            "allowed_pattern": "",
            "arn": "arn:aws:ssm:us-east-1:567877624442:parameter/codai/admin/master-config",
            "data_type": "text",
            "description": "Master admin configuration",
            "has_value_wo": null,
            "id": "/codai/admin/master-config",
            "insecure_value": null,
            "key_id": "alias/aws/ssm",
            "name": "/codai/admin/master-config",
            "overwrite": null,
            "tags": {
              "Environment": "production",
              "Name": "codai-master-admin",
              "Project": "CODAI"
            },
            "tags_all": {
              "Component": "consolidated",
              "Environment": "production",
              "ManagedBy": "terraform",
              "Name": "codai-master-admin",
              "Phase": "5",
              "Project": "CODAI"
            },
            "tier": "Standard",
            "type": "SecureString",
            "value": "{\"created_at\":\"2025-08-04T20:21:22Z\",\"email\":\"admin@codai.ro\",\"password\":\"F[=a8-Dk\\u0026eV9?:U(\",\"permissions\":[\"*\"],\"username\":\"codai-admin\"}",
            "value_wo": null,
            "value_wo_version": null,
            "version": 2
          },
          "sensitive_attributes": [
            [
              {
                "type": "get_attr",
                "value": "value"
              }
            ],
            [
              {
                "type": "get_attr",
                "value": "value_wo"
              }
            ]
          ],
          "identity_schema_version": 0,
          "private": "bnVsbA==",
          "dependencies": [
            "random_password.master_admin_password"
          ]
        }
      ]
    },
    {
      "mode": "managed",
      "type": "aws_ssm_parameter",
      "name": "service_discovery",
      "provider": "provider[\"registry.terraform.io/hashicorp/aws\"]",
      "instances": [
        {
          "schema_version": 0,
          "attributes": {
            "allowed_pattern": "",
            "arn": "arn:aws:ssm:us-east-1:567877624442:parameter/codai/services/discovery",
            "data_type": "text",
            "description": "Service discovery configuration",
            "has_value_wo": null,
            "id": "/codai/services/discovery",
            "insecure_value": null,
            "key_id": "",
            "name": "/codai/services/discovery",
            "overwrite": null,
            "tags": {
              "Environment": "production",
              "Name": "codai-service-discovery",
              "Project": "CODAI"
            },
            "tags_all": {
              "Component": "consolidated",
              "Environment": "production",
              "ManagedBy": "terraform",
              "Name": "codai-service-discovery",
              "Phase": "5",
              "Project": "CODAI"
            },
            "tier": "Standard",
            "type": "String",
            "value": "{\"authentication\":{\"jwt_audience\":\"codai-ecosystem\",\"jwt_issuer\":\"codai-services\",\"token_expiry\":3600},\"services\":{\"cbd\":{\"health_check\":\"/health\",\"internal_url\":\"http://codai-cbd-service:8080\",\"url\":\"https://api.codai.ro/cbd\"},\"gateway\":{\"health_check\":\"/health\",\"internal_url\":\"http://codai-gateway-service:3000\",\"url\":\"https://gateway.codai.ro\"},\"memorai_mcp\":{\"health_check\":\"/health\",\"internal_url\":\"http://codai-memorai-mcp-service:4950\",\"url\":\"https://api.codai.ro/memorai\"},\"ssl_proxy\":{\"health_check\":\"/health\",\"internal_url\":\"http://codai-ssl-proxy-service:8443\",\"url\":\"https://api.codai.ro/ssl\"},\"websocket\":{\"health_check\":\"/health\",\"internal_url\":\"http://codai-websocket-service:3001\",\"url\":\"wss://api.codai.ro/ws\"}}}",
            "value_wo": null,
            "value_wo_version": null,
            "version": 1
          },
          "sensitive_attributes": [
            [
              {
                "type": "get_attr",
                "value": "value"
              }
            ],
            [
              {
                "type": "get_attr",
                "value": "value_wo"
              }
            ]
          ],
          "identity_schema_version": 0,
          "private": "bnVsbA=="
        }
      ]
    },
    {
      "mode": "managed",
      "type": "aws_wafv2_web_acl",
      "name": "codai_waf",
      "provider": "provider[\"registry.terraform.io/hashicorp/aws\"]",
      "instances": [
        {
          "schema_version": 0,
          "attributes": {
            "application_integration_url": "",
            "arn": "arn:aws:wafv2:us-east-1:567877624442:global/webacl/codai-waf/e4398624-59d9-4fcb-8715-2e28a3bddf43",
            "association_config": [],
            "capacity": 702,
            "captcha_config": [],
            "challenge_config": [],
            "custom_response_body": [],
            "data_protection_config": [],
            "default_action": [
              {
                "allow": [
                  {
                    "custom_request_handling": []
                  }
                ],
                "block": []
              }
            ],
            "description": "",
            "id": "e4398624-59d9-4fcb-8715-2e28a3bddf43",
            "lock_token": "02e7da22-2790-457e-adf9-433d50aae1eb",
            "name": "codai-waf",
            "name_prefix": "",
            "rule": [
              {
                "action": [
                  {
                    "allow": [],
                    "block": [
                      {
                        "custom_response": []
                      }
                    ],
                    "captcha": [],
                    "challenge": [],
                    "count": []
                  }
                ],
                "captcha_config": [],
                "challenge_config": [],
                "name": "RateLimitRule",
                "override_action": [],
                "priority": 1,
                "rule_label": [],
                "statement": [
                  {
                    "and_statement": [],
                    "asn_match_statement": [],
                    "byte_match_statement": [],
                    "geo_match_statement": [],
                    "ip_set_reference_statement": [],
                    "label_match_statement": [],
                    "managed_rule_group_statement": [],
                    "not_statement": [],
                    "or_statement": [],
                    "rate_based_statement": [
                      {
                        "aggregate_key_type": "IP",
                        "custom_key": [],
                        "evaluation_window_sec": 300,
                        "forwarded_ip_config": [],
                        "limit": 2000,
                        "scope_down_statement": []
                      }
                    ],
                    "regex_match_statement": [],
                    "regex_pattern_set_reference_statement": [],
                    "rule_group_reference_statement": [],
                    "size_constraint_statement": [],
                    "sqli_match_statement": [],
                    "xss_match_statement": []
                  }
                ],
                "visibility_config": [
                  {
                    "cloudwatch_metrics_enabled": true,
                    "metric_name": "RateLimitRule",
                    "sampled_requests_enabled": true
                  }
                ]
              },
              {
                "action": [],
                "captcha_config": [],
                "challenge_config": [],
                "name": "AWSManagedRulesCommonRuleSet",
                "override_action": [
                  {
                    "count": [],
                    "none": [
                      {}
                    ]
                  }
                ],
                "priority": 2,
                "rule_label": [],
                "statement": [
                  {
                    "and_statement": [],
                    "asn_match_statement": [],
                    "byte_match_statement": [],
                    "geo_match_statement": [],
                    "ip_set_reference_statement": [],
                    "label_match_statement": [],
                    "managed_rule_group_statement": [
                      {
                        "managed_rule_group_configs": [],
                        "name": "AWSManagedRulesCommonRuleSet",
                        "rule_action_override": [],
                        "scope_down_statement": [],
                        "vendor_name": "AWS",
                        "version": ""
                      }
                    ],
                    "not_statement": [],
                    "or_statement": [],
                    "rate_based_statement": [],
                    "regex_match_statement": [],
                    "regex_pattern_set_reference_statement": [],
                    "rule_group_reference_statement": [],
                    "size_constraint_statement": [],
                    "sqli_match_statement": [],
                    "xss_match_statement": []
                  }
                ],
                "visibility_config": [
                  {
                    "cloudwatch_metrics_enabled": true,
                    "metric_name": "CommonRuleSetMetric",
                    "sampled_requests_enabled": true
                  }
                ]
              }
            ],
            "rule_json": null,
            "scope": "CLOUDFRONT",
            "tags": {
              "Environment": "production",
              "Name": "codai-waf",
              "Project": "CODAI"
            },
            "tags_all": {
              "Component": "consolidated",
              "Environment": "production",
              "ManagedBy": "terraform",
              "Name": "codai-waf",
              "Phase": "5",
              "Project": "CODAI"
            },
            "token_domains": null,
            "visibility_config": [
              {
                "cloudwatch_metrics_enabled": true,
                "metric_name": "codaiWAF",
                "sampled_requests_enabled": true
              }
            ]
          },
          "sensitive_attributes": [],
          "identity_schema_version": 0,
          "private": "bnVsbA=="
        }
      ]
    },
    {
      "mode": "managed",
      "type": "random_password",
      "name": "api_key_secret",
      "provider": "provider[\"registry.terraform.io/hashicorp/random\"]",
      "instances": [
        {
          "schema_version": 3,
          "attributes": {
            "bcrypt_hash": "$2a$10$U5hi0/BtC47PZQZwA.8WHuOEtvfSbArREFl0j5cjprkOqtSU8gwr.",
            "id": "none",
            "keepers": null,
            "length": 32,
            "lower": true,
            "min_lower": 0,
            "min_numeric": 0,
            "min_special": 0,
            "min_upper": 0,
            "number": true,
            "numeric": true,
            "override_special": null,
            "result": "G=R9gYJkm-wslUx2::nL)Mfww4n=%l*\u003e",
            "special": true,
            "upper": true
          },
          "sensitive_attributes": [
            [
              {
                "type": "get_attr",
                "value": "bcrypt_hash"
              }
            ],
            [
              {
                "type": "get_attr",
                "value": "result"
              }
            ]
          ],
          "identity_schema_version": 0
        }
      ]
    },
    {
      "mode": "managed",
      "type": "random_password",
      "name": "inter_service_secret",
      "provider": "provider[\"registry.terraform.io/hashicorp/random\"]",
      "instances": [
        {
          "schema_version": 3,
          "attributes": {
            "bcrypt_hash": "$2a$10$48IY5rjtoP196RRVTQySFuRUVpwX8ZY7CI8CsJMPy3gmsUOTkeYLC",
            "id": "none",
            "keepers": null,
            "length": 48,
            "lower": true,
            "min_lower": 0,
            "min_numeric": 0,
            "min_special": 0,
            "min_upper": 0,
            "number": true,
            "numeric": true,
            "override_special": null,
            "result": "C74p-[@F}{sAmzf=9xWLodA+g6p\u003cJE?Ayi_]\u003cJ4\u0026V_6=a%9w",
            "special": true,
            "upper": true
          },
          "sensitive_attributes": [
            [
              {
                "type": "get_attr",
                "value": "bcrypt_hash"
              }
            ],
            [
              {
                "type": "get_attr",
                "value": "result"
              }
            ]
          ],
          "identity_schema_version": 0
        }
      ]
    },
    {
      "mode": "managed",
      "type": "random_password",
      "name": "jwt_secret",
      "provider": "provider[\"registry.terraform.io/hashicorp/random\"]",
      "instances": [
        {
          "schema_version": 3,
          "attributes": {
            "bcrypt_hash": "$2a$10$/S5VQXYWc4tj.cOPr4DZIulntjB0kaZPd22LZN2sjQjMQDhiOwWpO",
            "id": "none",
            "keepers": null,
            "length": 64,
            "lower": true,
            "min_lower": 0,
            "min_numeric": 0,
            "min_special": 0,
            "min_upper": 0,
            "number": true,
            "numeric": true,
            "override_special": null,
            "result": "J42Irok#8ehRH]TU2pf+3=}#Ra6m?3nXhwJ[y[?QXMn=o\u003cScLtRy0N-%y{]ZV0k2",
            "special": true,
            "upper": true
          },
          "sensitive_attributes": [
            [
              {
                "type": "get_attr",
                "value": "bcrypt_hash"
              }
            ],
            [
              {
                "type": "get_attr",
                "value": "result"
              }
            ]
          ],
          "identity_schema_version": 0
        }
      ]
    },
    {
      "mode": "managed",
      "type": "random_password",
      "name": "master_admin_password",
      "provider": "provider[\"registry.terraform.io/hashicorp/random\"]",
      "instances": [
        {
          "schema_version": 3,
          "attributes": {
            "bcrypt_hash": "$2a$10$U7rhxQYZ87FmzVnaxpVt1uw3x2bhs8Hze1L2ZfENenuRPnWCrfSzO",
            "id": "none",
            "keepers": null,
            "length": 16,
            "lower": true,
            "min_lower": 0,
            "min_numeric": 0,
            "min_special": 0,
            "min_upper": 0,
            "number": true,
            "numeric": true,
            "override_special": null,
            "result": "F[=a8-Dk\u0026eV9?:U(",
            "special": true,
            "upper": true
          },
          "sensitive_attributes": [
            [
              {
                "type": "get_attr",
                "value": "bcrypt_hash"
              }
            ],
            [
              {
                "type": "get_attr",
                "value": "result"
              }
            ]
          ],
          "identity_schema_version": 0
        }
      ]
    }
  ],
  "check_results": null
}
