{
  "version": 4,
  "terraform_version": "1.12.2",
  "serial": 47,
  "lineage": "f8e5f1fb-e653-356c-9338-a4feae83e194",
  "outputs": {
    "cost_estimation": {
      "value": {
        "compute_cost_usd": 141566.4,
        "daily_cost_usd": 4735.546666666666666666666666666666666666666666666666666666666666666666666666666666666666666666666666666666666666666666666666666666666666666666666666666667,
        "storage_cost_usd": 500,
        "total_monthly_usd": 142066.4
      },
      "type": [
        "object",
        {
          "compute_cost_usd": "number",
          "daily_cost_usd": "number",
          "storage_cost_usd": "number",
          "total_monthly_usd": "number"
        }
      ]
    },
    "deployment_summary": {
      "value": {
        "deployment_id": "romai-phase2b-26a4a9af",
        "filesystem_capacity_tb": 2.4,
        "fsx_filesystem_id": "fs-0bf09ae9b269a27af",
        "instances_deployed": 6,
        "region": "us-west-2",
        "secrets_name": "romai-phase2b-26a4a9af-romai-secrets",
        "security_group_id": "sg-02bf49459ad4c8e80",
        "total_gpu_memory_gb": 3840,
        "total_gpus": 48,
        "vpc_id": "vpc-0951c091d74c38800"
      },
      "type": [
        "object",
        {
          "deployment_id": "string",
          "filesystem_capacity_tb": "number",
          "fsx_filesystem_id": "string",
          "instances_deployed": "number",
          "region": "string",
          "secrets_name": "string",
          "security_group_id": "string",
          "total_gpu_memory_gb": "number",
          "total_gpus": "number",
          "vpc_id": "string"
        }
      ]
    },
    "fsx_mount_command": {
      "value": "sudo mount -t lustre fs-0bf09ae9b269a27af.fsx.us-west-2.amazonaws.com@tcp:/fsx /mnt/fsx",
      "type": "string"
    }
  },
  "resources": [
    {
      "mode": "data",
      "type": "aws_ami",
      "name": "ubuntu_hpc",
      "provider": "provider[\"registry.terraform.io/hashicorp/aws\"]",
      "instances": [
        {
          "schema_version": 0,
          "attributes": {
            "architecture": "x86_64",
            "arn": "arn:aws:ec2:us-west-2::image/ami-065778886ef8ec7c8",
            "block_device_mappings": [
              {
                "device_name": "/dev/sda1",
                "ebs": {
                  "delete_on_termination": "true",
                  "encrypted": "false",
                  "iops": "0",
                  "snapshot_id": "snap-00a56dd10af9e4454",
                  "throughput": "0",
                  "volume_initialization_rate": "0",
                  "volume_size": "8",
                  "volume_type": "gp2"
                },
                "no_device": "",
                "virtual_name": ""
              },
              {
                "device_name": "/dev/sdb",
                "ebs": {},
                "no_device": "",
                "virtual_name": "ephemeral0"
              },
              {
                "device_name": "/dev/sdc",
                "ebs": {},
                "no_device": "",
                "virtual_name": "ephemeral1"
              }
            ],
            "boot_mode": "uefi-preferred",
            "creation_date": "2025-08-22T06:58:34.000Z",
            "deprecation_time": "2027-08-22T06:58:34.000Z",
            "description": "Canonical, Ubuntu, 22.04, amd64 jammy image",
            "ena_support": true,
            "executable_users": null,
            "filter": [
              {
                "name": "name",
                "values": [
                  "ubuntu/images/hvm-ssd/ubuntu-jammy-22.04-amd64-server-*"
                ]
              },
              {
                "name": "virtualization-type",
                "values": [
                  "hvm"
                ]
              }
            ],
            "hypervisor": "xen",
            "id": "ami-065778886ef8ec7c8",
            "image_id": "ami-065778886ef8ec7c8",
            "image_location": "amazon/ubuntu/images/hvm-ssd/ubuntu-jammy-22.04-amd64-server-20250822",
            "image_owner_alias": "amazon",
            "image_type": "machine",
            "imds_support": "",
            "include_deprecated": false,
            "kernel_id": "",
            "last_launched_time": "",
            "most_recent": true,
            "name": "ubuntu/images/hvm-ssd/ubuntu-jammy-22.04-amd64-server-20250822",
            "name_regex": null,
            "owner_id": "099720109477",
            "owners": [
              "099720109477"
            ],
            "platform": "",
            "platform_details": "Linux/UNIX",
            "product_codes": [],
            "public": true,
            "ramdisk_id": "",
            "root_device_name": "/dev/sda1",
            "root_device_type": "ebs",
            "root_snapshot_id": "snap-00a56dd10af9e4454",
            "sriov_net_support": "simple",
            "state": "available",
            "state_reason": {
              "code": "UNSET",
              "message": "UNSET"
            },
            "tags": {},
            "timeouts": null,
            "tpm_support": "",
            "uefi_data": null,
            "usage_operation": "RunInstances",
            "virtualization_type": "hvm"
          },
          "sensitive_attributes": [],
          "identity_schema_version": 0
        }
      ]
    },
    {
      "mode": "data",
      "type": "aws_availability_zones",
      "name": "available",
      "provider": "provider[\"registry.terraform.io/hashicorp/aws\"]",
      "instances": [
        {
          "schema_version": 0,
          "attributes": {
            "all_availability_zones": null,
            "exclude_names": null,
            "exclude_zone_ids": null,
            "filter": null,
            "group_names": [
              "us-west-2-zg-1"
            ],
            "id": "us-west-2",
            "names": [
              "us-west-2a",
              "us-west-2b",
              "us-west-2c",
              "us-west-2d"
            ],
            "state": "available",
            "timeouts": null,
            "zone_ids": [
              "usw2-az2",
              "usw2-az1",
              "usw2-az3",
              "usw2-az4"
            ]
          },
          "sensitive_attributes": [],
          "identity_schema_version": 0
        }
      ]
    },
    {
      "mode": "data",
      "type": "aws_caller_identity",
      "name": "current",
      "provider": "provider[\"registry.terraform.io/hashicorp/aws\"]",
      "instances": [
        {
          "schema_version": 0,
          "attributes": {
            "account_id": "567877624442",
            "arn": "arn:aws:iam::567877624442:user/codai-deployer",
            "id": "567877624442",
            "user_id": "AIDAYIOBE4J5MDCEUH3X7"
          },
          "sensitive_attributes": [],
          "identity_schema_version": 0
        }
      ]
    },
    {
      "mode": "managed",
      "type": "aws_fsx_lustre_file_system",
      "name": "romai_storage",
      "provider": "provider[\"registry.terraform.io/hashicorp/aws\"]",
      "instances": [
        {
          "schema_version": 0,
          "attributes": {
            "arn": "arn:aws:fsx:us-west-2:567877624442:file-system/fs-0bf09ae9b269a27af",
            "auto_import_policy": "",
            "automatic_backup_retention_days": 0,
            "backup_id": null,
            "copy_tags_to_backups": false,
            "daily_automatic_backup_start_time": "",
            "data_compression_type": "LZ4",
            "data_read_cache_configuration": [],
            "deployment_type": "SCRATCH_2",
            "dns_name": "fs-0bf09ae9b269a27af.fsx.us-west-2.amazonaws.com",
            "drive_cache_type": "",
            "efa_enabled": false,
            "export_path": "",
            "file_system_type_version": "2.10",
            "final_backup_tags": null,
            "id": "fs-0bf09ae9b269a27af",
            "import_path": "",
            "imported_file_chunk_size": 0,
            "kms_key_id": "",
            "log_configuration": [
              {
                "destination": "",
                "level": "DISABLED"
              }
            ],
            "metadata_configuration": [],
            "mount_name": "6g3wdb4v",
            "network_interface_ids": [
              "eni-0b4b25eaefd8f5fb2",
              "eni-0a5153cf843bfeca6"
            ],
            "owner_id": "567877624442",
            "per_unit_storage_throughput": 0,
            "root_squash_configuration": [],
            "security_group_ids": [
              "sg-02bf49459ad4c8e80"
            ],
            "skip_final_backup": true,
            "storage_capacity": 2400,
            "storage_type": "SSD",
            "subnet_ids": [
              "subnet-0b11fc0ce15e018b1"
            ],
            "tags": {
              "AutoShutdown": "Disabled",
              "Compliance": "Enterprise-AI",
              "CostCenter": "AI-Research",
              "DeploymentId": "romai-phase2b-26a4a9af",
              "Environment": "production",
              "Monitoring": "Enhanced-CloudWatch",
              "Name": "romai-phase2b-26a4a9af-lustre-fs",
              "Owner": "RomAI-DevTeam",
              "Project": "RomAI-Phase2B",
              "Purpose": "High-Performance-Dataset-Storage"
            },
            "tags_all": {
              "AutoShutdown": "Disabled",
              "Compliance": "Enterprise-AI",
              "CostCenter": "AI-Research",
              "DeploymentId": "romai-phase2b-26a4a9af",
              "Environment": "production",
              "Monitoring": "Enhanced-CloudWatch",
              "Name": "romai-phase2b-26a4a9af-lustre-fs",
              "Owner": "RomAI-DevTeam",
              "Project": "RomAI-Phase2B",
              "Purpose": "High-Performance-Dataset-Storage"
            },
            "throughput_capacity": 0,
            "timeouts": null,
            "vpc_id": "vpc-0951c091d74c38800",
            "weekly_maintenance_start_time": "2:11:30"
          },
          "sensitive_attributes": [],
          "identity_schema_version": 0,
          "private": "eyJlMmJmYjczMC1lY2FhLTExZTYtOGY4OC0zNDM2M2JjN2M0YzAiOnsiY3JlYXRlIjoxODAwMDAwMDAwMDAwLCJkZWxldGUiOjE4MDAwMDAwMDAwMDAsInVwZGF0ZSI6MTgwMDAwMDAwMDAwMH19",
          "dependencies": [
            "aws_security_group.gpu_cluster",
            "aws_subnet.gpu_subnets",
            "aws_vpc.main",
            "data.aws_availability_zones.available",
            "random_id.deployment"
          ],
          "create_before_destroy": true
        },
        {
          "status": "tainted",
          "deposed": "20169ce1",
          "schema_version": 0,
          "attributes": {
            "arn": "arn:aws:fsx:us-west-2:567877624442:file-system/fs-01108e7017c1aad6d",
            "auto_import_policy": "",
            "automatic_backup_retention_days": 0,
            "backup_id": null,
            "copy_tags_to_backups": false,
            "daily_automatic_backup_start_time": "",
            "data_compression_type": "LZ4",
            "data_read_cache_configuration": [],
            "deployment_type": "SCRATCH_2",
            "dns_name": "fs-01108e7017c1aad6d.fsx.us-west-2.amazonaws.com",
            "drive_cache_type": "",
            "efa_enabled": false,
            "export_path": "",
            "file_system_type_version": "2.10",
            "final_backup_tags": null,
            "id": "fs-01108e7017c1aad6d",
            "import_path": "",
            "imported_file_chunk_size": 0,
            "kms_key_id": "",
            "log_configuration": [
              {
                "destination": "",
                "level": "DISABLED"
              }
            ],
            "metadata_configuration": [],
            "mount_name": "ik3wdb4v",
            "network_interface_ids": [
              "eni-09507aafd146c748c",
              "eni-019ef39f5b6a8397c"
            ],
            "owner_id": "567877624442",
            "per_unit_storage_throughput": 0,
            "root_squash_configuration": [],
            "security_group_ids": [
              "sg-02bf49459ad4c8e80"
            ],
            "skip_final_backup": true,
            "storage_capacity": 2400,
            "storage_type": "SSD",
            "subnet_ids": [
              "subnet-0b11fc0ce15e018b1"
            ],
            "tags": {
              "AutoShutdown": "Disabled",
              "Compliance": "Enterprise-AI",
              "CostCenter": "AI-Research",
              "DeploymentId": "romai-phase2b-26a4a9af",
              "Environment": "production",
              "Monitoring": "Enhanced-CloudWatch",
              "Name": "romai-phase2b-26a4a9af-lustre-fs",
              "Owner": "RomAI-DevTeam",
              "Project": "RomAI-Phase2B",
              "Purpose": "High-Performance-Dataset-Storage"
            },
            "tags_all": {
              "AutoShutdown": "Disabled",
              "Compliance": "Enterprise-AI",
              "CostCenter": "AI-Research",
              "DeploymentId": "romai-phase2b-26a4a9af",
              "Environment": "production",
              "Monitoring": "Enhanced-CloudWatch",
              "Name": "romai-phase2b-26a4a9af-lustre-fs",
              "Owner": "RomAI-DevTeam",
              "Project": "RomAI-Phase2B",
              "Purpose": "High-Performance-Dataset-Storage"
            },
            "throughput_capacity": 0,
            "timeouts": null,
            "vpc_id": "vpc-0951c091d74c38800",
            "weekly_maintenance_start_time": "3:12:00"
          },
          "sensitive_attributes": [],
          "identity_schema_version": 0,
          "private": "eyJlMmJmYjczMC1lY2FhLTExZTYtOGY4OC0zNDM2M2JjN2M0YzAiOnsiY3JlYXRlIjoxODAwMDAwMDAwMDAwLCJkZWxldGUiOjE4MDAwMDAwMDAwMDAsInVwZGF0ZSI6MTgwMDAwMDAwMDAwMH19",
          "dependencies": [
            "aws_security_group.gpu_cluster",
            "aws_subnet.gpu_subnets",
            "aws_vpc.main",
            "data.aws_availability_zones.available",
            "random_id.deployment"
          ],
          "create_before_destroy": true
        },
        {
          "status": "tainted",
          "deposed": "9c963890",
          "schema_version": 0,
          "attributes": {
            "arn": "arn:aws:fsx:us-west-2:567877624442:file-system/fs-0b176bf368b505935",
            "auto_import_policy": "",
            "automatic_backup_retention_days": 0,
            "backup_id": null,
            "copy_tags_to_backups": false,
            "daily_automatic_backup_start_time": "",
            "data_compression_type": "LZ4",
            "data_read_cache_configuration": [],
            "deployment_type": "SCRATCH_2",
            "dns_name": "fs-0b176bf368b505935.fsx.us-west-2.amazonaws.com",
            "drive_cache_type": "",
            "efa_enabled": false,
            "export_path": "",
            "file_system_type_version": "2.10",
            "final_backup_tags": null,
            "id": "fs-0b176bf368b505935",
            "import_path": "",
            "imported_file_chunk_size": 0,
            "kms_key_id": "",
            "log_configuration": [
              {
                "destination": "",
                "level": "DISABLED"
              }
            ],
            "metadata_configuration": [],
            "mount_name": "bg3wdb4v",
            "network_interface_ids": [
              "eni-06d5615f1bedd26c1",
              "eni-05421f7882e3f5f43"
            ],
            "owner_id": "567877624442",
            "per_unit_storage_throughput": 0,
            "root_squash_configuration": [],
            "security_group_ids": [
              "sg-02bf49459ad4c8e80"
            ],
            "skip_final_backup": true,
            "storage_capacity": 2400,
            "storage_type": "SSD",
            "subnet_ids": [
              "subnet-0b11fc0ce15e018b1"
            ],
            "tags": {
              "AutoShutdown": "Disabled",
              "Compliance": "Enterprise-AI",
              "CostCenter": "AI-Research",
              "DeploymentId": "romai-phase2b-26a4a9af",
              "Environment": "production",
              "Monitoring": "Enhanced-CloudWatch",
              "Name": "romai-phase2b-26a4a9af-lustre-fs",
              "Owner": "RomAI-DevTeam",
              "Project": "RomAI-Phase2B",
              "Purpose": "High-Performance-Dataset-Storage"
            },
            "tags_all": {
              "AutoShutdown": "Disabled",
              "Compliance": "Enterprise-AI",
              "CostCenter": "AI-Research",
              "DeploymentId": "romai-phase2b-26a4a9af",
              "Environment": "production",
              "Monitoring": "Enhanced-CloudWatch",
              "Name": "romai-phase2b-26a4a9af-lustre-fs",
              "Owner": "RomAI-DevTeam",
              "Project": "RomAI-Phase2B",
              "Purpose": "High-Performance-Dataset-Storage"
            },
            "throughput_capacity": 0,
            "timeouts": null,
            "vpc_id": "vpc-0951c091d74c38800",
            "weekly_maintenance_start_time": "5:10:00"
          },
          "sensitive_attributes": [],
          "identity_schema_version": 0,
          "private": "eyJlMmJmYjczMC1lY2FhLTExZTYtOGY4OC0zNDM2M2JjN2M0YzAiOnsiY3JlYXRlIjoxODAwMDAwMDAwMDAwLCJkZWxldGUiOjE4MDAwMDAwMDAwMDAsInVwZGF0ZSI6MTgwMDAwMDAwMDAwMH19",
          "dependencies": [
            "aws_security_group.gpu_cluster",
            "aws_subnet.gpu_subnets",
            "aws_vpc.main",
            "data.aws_availability_zones.available",
            "random_id.deployment"
          ],
          "create_before_destroy": true
        }
      ]
    },
    {
      "mode": "managed",
      "type": "aws_iam_instance_profile",
      "name": "gpu_instance_profile",
      "provider": "provider[\"registry.terraform.io/hashicorp/aws\"]",
      "instances": [
        {
          "schema_version": 0,
          "attributes": {
            "arn": "arn:aws:iam::567877624442:instance-profile/romai-phase2b-26a4a9af-gpu-instance-profile",
            "create_date": "2025-08-26T16:24:31Z",
            "id": "romai-phase2b-26a4a9af-gpu-instance-profile",
            "name": "romai-phase2b-26a4a9af-gpu-instance-profile",
            "name_prefix": "",
            "path": "/",
            "role": "romai-phase2b-26a4a9af-gpu-instance-role",
            "tags": {
              "AutoShutdown": "Disabled",
              "Compliance": "Enterprise-AI",
              "CostCenter": "AI-Research",
              "DeploymentId": "romai-phase2b-26a4a9af",
              "Environment": "production",
              "Monitoring": "Enhanced-CloudWatch",
              "Owner": "RomAI-DevTeam",
              "Project": "RomAI-Phase2B",
              "Purpose": "GPU-Cluster-150B-Tokens"
            },
            "tags_all": {
              "AutoShutdown": "Disabled",
              "Compliance": "Enterprise-AI",
              "CostCenter": "AI-Research",
              "DeploymentId": "romai-phase2b-26a4a9af",
              "Environment": "production",
              "Monitoring": "Enhanced-CloudWatch",
              "Owner": "RomAI-DevTeam",
              "Project": "RomAI-Phase2B",
              "Purpose": "GPU-Cluster-150B-Tokens"
            },
            "unique_id": "AIPAYIOBE4J5LGDMOFZG5"
          },
          "sensitive_attributes": [],
          "identity_schema_version": 0,
          "private": "bnVsbA==",
          "dependencies": [
            "aws_iam_role.gpu_instance_role",
            "random_id.deployment"
          ],
          "create_before_destroy": true
        }
      ]
    },
    {
      "mode": "managed",
      "type": "aws_iam_policy",
      "name": "secrets_access",
      "provider": "provider[\"registry.terraform.io/hashicorp/aws\"]",
      "instances": [
        {
          "schema_version": 0,
          "attributes": {
            "arn": "arn:aws:iam::567877624442:policy/romai-phase2b-26a4a9af-secrets-policy",
            "attachment_count": 1,
            "description": "Policy for accessing RomAI secrets",
            "id": "arn:aws:iam::567877624442:policy/romai-phase2b-26a4a9af-secrets-policy",
            "name": "romai-phase2b-26a4a9af-secrets-policy",
            "name_prefix": "",
            "path": "/",
            "policy": "{\"Statement\":[{\"Action\":[\"secretsmanager:GetSecretValue\",\"secretsmanager:DescribeSecret\"],\"Effect\":\"Allow\",\"Resource\":\"arn:aws:secretsmanager:us-west-2:567877624442:secret:romai-phase2b-26a4a9af-romai-secrets-G8Iurc\"}],\"Version\":\"2012-10-17\"}",
            "policy_id": "ANPAYIOBE4J5IZF3WP7VF",
            "tags": {},
            "tags_all": {}
          },
          "sensitive_attributes": [],
          "identity_schema_version": 0,
          "private": "bnVsbA==",
          "dependencies": [
            "aws_secretsmanager_secret.romai_config",
            "random_id.deployment"
          ]
        }
      ]
    },
    {
      "mode": "managed",
      "type": "aws_iam_role",
      "name": "gpu_instance_role",
      "provider": "provider[\"registry.terraform.io/hashicorp/aws\"]",
      "instances": [
        {
          "schema_version": 0,
          "attributes": {
            "arn": "arn:aws:iam::567877624442:role/romai-phase2b-26a4a9af-gpu-instance-role",
            "assume_role_policy": "{\"Statement\":[{\"Action\":\"sts:AssumeRole\",\"Effect\":\"Allow\",\"Principal\":{\"Service\":\"ec2.amazonaws.com\"}}],\"Version\":\"2012-10-17\"}",
            "create_date": "2025-08-26T16:18:23Z",
            "description": "",
            "force_detach_policies": false,
            "id": "romai-phase2b-26a4a9af-gpu-instance-role",
            "inline_policy": [],
            "managed_policy_arns": [
              "arn:aws:iam::567877624442:policy/romai-phase2b-26a4a9af-secrets-policy",
              "arn:aws:iam::aws:policy/AmazonS3ReadOnlyAccess",
              "arn:aws:iam::aws:policy/AmazonSSMManagedInstanceCore",
              "arn:aws:iam::aws:policy/CloudWatchAgentServerPolicy"
            ],
            "max_session_duration": 3600,
            "name": "romai-phase2b-26a4a9af-gpu-instance-role",
            "name_prefix": "",
            "path": "/",
            "permissions_boundary": "",
            "tags": {
              "AutoShutdown": "Disabled",
              "Compliance": "Enterprise-AI",
              "CostCenter": "AI-Research",
              "DeploymentId": "romai-phase2b-26a4a9af",
              "Environment": "production",
              "Monitoring": "Enhanced-CloudWatch",
              "Name": "romai-phase2b-26a4a9af-gpu-instance-role",
              "Owner": "RomAI-DevTeam",
              "Project": "RomAI-Phase2B",
              "Purpose": "GPU-Instance-Role"
            },
            "tags_all": {
              "AutoShutdown": "Disabled",
              "Compliance": "Enterprise-AI",
              "CostCenter": "AI-Research",
              "DeploymentId": "romai-phase2b-26a4a9af",
              "Environment": "production",
              "Monitoring": "Enhanced-CloudWatch",
              "Name": "romai-phase2b-26a4a9af-gpu-instance-role",
              "Owner": "RomAI-DevTeam",
              "Project": "RomAI-Phase2B",
              "Purpose": "GPU-Instance-Role"
            },
            "unique_id": "AROAYIOBE4J5CRWMGPDBA"
          },
          "sensitive_attributes": [],
          "identity_schema_version": 0,
          "private": "bnVsbA==",
          "dependencies": [
            "random_id.deployment"
          ],
          "create_before_destroy": true
        }
      ]
    },
    {
      "mode": "managed",
      "type": "aws_iam_role_policy_attachment",
      "name": "cloudwatch_agent_server_policy",
      "provider": "provider[\"registry.terraform.io/hashicorp/aws\"]",
      "instances": [
        {
          "schema_version": 0,
          "attributes": {
            "id": "romai-phase2b-26a4a9af-gpu-instance-role-20250826161823641900000002",
            "policy_arn": "arn:aws:iam::aws:policy/CloudWatchAgentServerPolicy",
            "role": "romai-phase2b-26a4a9af-gpu-instance-role"
          },
          "sensitive_attributes": [],
          "identity_schema_version": 0,
          "private": "bnVsbA==",
          "dependencies": [
            "aws_iam_role.gpu_instance_role",
            "random_id.deployment"
          ]
        }
      ]
    },
    {
      "mode": "managed",
      "type": "aws_iam_role_policy_attachment",
      "name": "s3_readonly_access",
      "provider": "provider[\"registry.terraform.io/hashicorp/aws\"]",
      "instances": [
        {
          "schema_version": 0,
          "attributes": {
            "id": "romai-phase2b-26a4a9af-gpu-instance-role-20250826161823988300000005",
            "policy_arn": "arn:aws:iam::aws:policy/AmazonS3ReadOnlyAccess",
            "role": "romai-phase2b-26a4a9af-gpu-instance-role"
          },
          "sensitive_attributes": [],
          "identity_schema_version": 0,
          "private": "bnVsbA==",
          "dependencies": [
            "aws_iam_role.gpu_instance_role",
            "random_id.deployment"
          ]
        }
      ]
    },
    {
      "mode": "managed",
      "type": "aws_iam_role_policy_attachment",
      "name": "secrets_access",
      "provider": "provider[\"registry.terraform.io/hashicorp/aws\"]",
      "instances": [
        {
          "schema_version": 0,
          "attributes": {
            "id": "romai-phase2b-26a4a9af-gpu-instance-role-20250826161824519900000006",
            "policy_arn": "arn:aws:iam::567877624442:policy/romai-phase2b-26a4a9af-secrets-policy",
            "role": "romai-phase2b-26a4a9af-gpu-instance-role"
          },
          "sensitive_attributes": [],
          "identity_schema_version": 0,
          "private": "bnVsbA==",
          "dependencies": [
            "aws_iam_policy.secrets_access",
            "aws_iam_role.gpu_instance_role",
            "aws_secretsmanager_secret.romai_config",
            "random_id.deployment"
          ]
        }
      ]
    },
    {
      "mode": "managed",
      "type": "aws_iam_role_policy_attachment",
      "name": "ssm_managed_instance_core",
      "provider": "provider[\"registry.terraform.io/hashicorp/aws\"]",
      "instances": [
        {
          "schema_version": 0,
          "attributes": {
            "id": "romai-phase2b-26a4a9af-gpu-instance-role-20250826161823845600000004",
            "policy_arn": "arn:aws:iam::aws:policy/AmazonSSMManagedInstanceCore",
            "role": "romai-phase2b-26a4a9af-gpu-instance-role"
          },
          "sensitive_attributes": [],
          "identity_schema_version": 0,
          "private": "bnVsbA==",
          "dependencies": [
            "aws_iam_role.gpu_instance_role",
            "random_id.deployment"
          ]
        }
      ]
    },
    {
      "mode": "managed",
      "type": "aws_internet_gateway",
      "name": "main",
      "provider": "provider[\"registry.terraform.io/hashicorp/aws\"]",
      "instances": [
        {
          "schema_version": 0,
          "attributes": {
            "arn": "arn:aws:ec2:us-west-2:567877624442:internet-gateway/igw-0f5e24b100fcbca5a",
            "id": "igw-0f5e24b100fcbca5a",
            "owner_id": "567877624442",
            "tags": {
              "AutoShutdown": "Disabled",
              "Compliance": "Enterprise-AI",
              "CostCenter": "AI-Research",
              "DeploymentId": "romai-phase2b-26a4a9af",
              "Environment": "production",
              "Monitoring": "Enhanced-CloudWatch",
              "Name": "romai-phase2b-26a4a9af-igw",
              "Owner": "RomAI-DevTeam",
              "Project": "RomAI-Phase2B",
              "Purpose": "GPU-Cluster-150B-Tokens"
            },
            "tags_all": {
              "AutoShutdown": "Disabled",
              "Compliance": "Enterprise-AI",
              "CostCenter": "AI-Research",
              "DeploymentId": "romai-phase2b-26a4a9af",
              "Environment": "production",
              "Monitoring": "Enhanced-CloudWatch",
              "Name": "romai-phase2b-26a4a9af-igw",
              "Owner": "RomAI-DevTeam",
              "Project": "RomAI-Phase2B",
              "Purpose": "GPU-Cluster-150B-Tokens"
            },
            "timeouts": null,
            "vpc_id": "vpc-0951c091d74c38800"
          },
          "sensitive_attributes": [],
          "identity_schema_version": 0,
          "private": "eyJlMmJmYjczMC1lY2FhLTExZTYtOGY4OC0zNDM2M2JjN2M0YzAiOnsiY3JlYXRlIjoxMjAwMDAwMDAwMDAwLCJkZWxldGUiOjEyMDAwMDAwMDAwMDAsInVwZGF0ZSI6MTIwMDAwMDAwMDAwMH19",
          "dependencies": [
            "aws_vpc.main",
            "random_id.deployment"
          ]
        }
      ]
    },
    {
      "mode": "managed",
      "type": "aws_launch_template",
      "name": "gpu_cluster",
      "provider": "provider[\"registry.terraform.io/hashicorp/aws\"]",
      "instances": [
        {
          "schema_version": 0,
          "attributes": {
            "arn": "arn:aws:ec2:us-west-2:567877624442:launch-template/lt-019f30d37b010668f",
            "block_device_mappings": [
              {
                "device_name": "/dev/sda1",
                "ebs": [
                  {
                    "delete_on_termination": "true",
                    "encrypted": "true",
                    "iops": 16000,
                    "kms_key_id": "",
                    "snapshot_id": "",
                    "throughput": 1000,
                    "volume_initialization_rate": 0,
                    "volume_size": 500,
                    "volume_type": "gp3"
                  }
                ],
                "no_device": "",
                "virtual_name": ""
              }
            ],
            "capacity_reservation_specification": [],
            "cpu_options": [],
            "credit_specification": [],
            "default_version": 1,
            "description": "",
            "disable_api_stop": false,
            "disable_api_termination": false,
            "ebs_optimized": "",
            "elastic_gpu_specifications": [],
            "elastic_inference_accelerator": [],
            "enclave_options": [],
            "hibernation_options": [],
            "iam_instance_profile": [
              {
                "arn": "",
                "name": "romai-phase2b-26a4a9af-gpu-instance-profile"
              }
            ],
            "id": "lt-019f30d37b010668f",
            "image_id": "ami-065778886ef8ec7c8",
            "instance_initiated_shutdown_behavior": "",
            "instance_market_options": [],
            "instance_requirements": [],
            "instance_type": "p4d.24xlarge",
            "kernel_id": "",
            "key_name": "romai-aws-cluster-key",
            "latest_version": 1,
            "license_specification": [],
            "maintenance_options": [],
            "metadata_options": [],
            "monitoring": [
              {
                "enabled": true
              }
            ],
            "name": "romai-phase2b-26a4a9af-gpu-cluster-20250826164058744300000003",
            "name_prefix": "romai-phase2b-26a4a9af-gpu-cluster-",
            "network_interfaces": [],
            "placement": [
              {
                "affinity": "",
                "availability_zone": "",
                "group_name": "romai-phase2b-26a4a9af-cluster-pg",
                "host_id": "",
                "host_resource_group_arn": "",
                "partition_number": 0,
                "spread_domain": "",
                "tenancy": "default"
              }
            ],
            "private_dns_name_options": [],
            "ram_disk_id": "",
            "security_group_names": null,
            "tag_specifications": [
              {
                "resource_type": "instance",
                "tags": {
                  "AutoShutdown": "Disabled",
                  "Compliance": "Enterprise-AI",
                  "CostCenter": "AI-Research",
                  "DeploymentId": "romai-phase2b-26a4a9af",
                  "Environment": "production",
                  "InstanceType": "p4d.24xlarge",
                  "Monitoring": "Enhanced-CloudWatch",
                  "Name": "romai-phase2b-26a4a9af-gpu-cluster-node",
                  "Owner": "RomAI-DevTeam",
                  "Project": "RomAI-Phase2B",
                  "Purpose": "RomAI-GPU-Cluster"
                }
              }
            ],
            "tags": {
              "AutoShutdown": "Disabled",
              "Compliance": "Enterprise-AI",
              "CostCenter": "AI-Research",
              "DeploymentId": "romai-phase2b-26a4a9af",
              "Environment": "production",
              "Monitoring": "Enhanced-CloudWatch",
              "Name": "romai-phase2b-26a4a9af-gpu-cluster-lt",
              "Owner": "RomAI-DevTeam",
              "Project": "RomAI-Phase2B",
              "Purpose": "GPU-Cluster-150B-Tokens"
            },
            "tags_all": {
              "AutoShutdown": "Disabled",
              "Compliance": "Enterprise-AI",
              "CostCenter": "AI-Research",
              "DeploymentId": "romai-phase2b-26a4a9af",
              "Environment": "production",
              "Monitoring": "Enhanced-CloudWatch",
              "Name": "romai-phase2b-26a4a9af-gpu-cluster-lt",
              "Owner": "RomAI-DevTeam",
              "Project": "RomAI-Phase2B",
              "Purpose": "GPU-Cluster-150B-Tokens"
            },
            "update_default_version": null,
            "user_data": "IyEvYmluL2Jhc2gKIyBSb21BSSBHUFUgQ2x1c3RlciBJbml0aWFsaXphdGlvbiBTY3JpcHQKIyBUaGlzIHNjcmlwdCBydW5zIG9uIGVhY2ggUDRkLjI0eGxhcmdlIGluc3RhbmNlIHRvIHNldCB1cCB0aGUgR1BVIGVudmlyb25tZW50CgpzZXQgLWUKCiMgVmFyaWFibGVzIGZyb20gVGVycmFmb3JtCkZTWF9GSUxFU1lTVEVNX0lEPSJmcy0wYmYwOWFlOWIyNjlhMjdhZiIKUkVHSU9OPSJ1cy13ZXN0LTIiClNFQ1JFVFNfTkFNRT0icm9tYWktcGhhc2UyYi0yNmE0YTlhZi1yb21haS1zZWNyZXRzIgoKIyBMb2dnaW5nIGZ1bmN0aW9uCmxvZygpIHsKICAgIGVjaG8gIlskKGRhdGUgJyslWS0lbS0lZCAlSDolTTolUycpXSAkMSIgfCB0ZWUgLWEgL3Zhci9sb2cvcm9tYWktc2V0dXAubG9nCn0KCmxvZyAiU3RhcnRpbmcgUm9tQUkgR1BVIGNsdXN0ZXIgaW5pdGlhbGl6YXRpb24uLi4iCgojIFVwZGF0ZSBzeXN0ZW0KbG9nICJVcGRhdGluZyBzeXN0ZW0gcGFja2FnZXMuLi4iCmFwdC1nZXQgdXBkYXRlIC15CmFwdC1nZXQgdXBncmFkZSAteQoKIyBJbnN0YWxsIHJlcXVpcmVkIHBhY2thZ2VzCmxvZyAiSW5zdGFsbGluZyBlc3NlbnRpYWwgcGFja2FnZXMuLi4iCmFwdC1nZXQgaW5zdGFsbCAteSBcCiAgICBjdXJsIFwKICAgIHdnZXQgXAogICAgdW56aXAgXAogICAgZ2l0IFwKICAgIGh0b3AgXAogICAgaW90b3AgXAogICAgbnZ0b3AgXAogICAganEgXAogICAgYXdzY2xpIFwKICAgIGx1c3RyZS1jbGllbnQtbW9kdWxlcy0kKHVuYW1lIC1yKSBcCiAgICBsdXN0cmUtY2xpZW50LW1vZHVsZXMtZ2VuZXJpYyBcCiAgICBsdXN0cmUtdXRpbHMgXAogICAgcHl0aG9uMy1waXAgXAogICAgcHl0aG9uMy12ZW52IFwKICAgIGRvY2tlci5pbyBcCiAgICBkb2NrZXItY29tcG9zZSBcCiAgICBidWlsZC1lc3NlbnRpYWwgXAogICAgY21ha2UgXAogICAgbGliYWlvLWRldiBcCiAgICBsaW51eC1oZWFkZXJzLSQodW5hbWUgLXIpIFwKICAgIGRrbXMKCiMgSW5zdGFsbCBOVklESUEgZHJpdmVycyBhbmQgQ1VEQQpsb2cgIkluc3RhbGxpbmcgTlZJRElBIGRyaXZlcnMgYW5kIENVREEgdG9vbGtpdC4uLiIKd2dldCBodHRwczovL2RldmVsb3Blci5kb3dubG9hZC5udmlkaWEuY29tL2NvbXB1dGUvY3VkYS9yZXBvcy91YnVudHUyMjA0L3g4Nl82NC9jdWRhLWtleXJpbmdfMS4wLTFfYWxsLmRlYgpkcGtnIC1pIGN1ZGEta2V5cmluZ18xLjAtMV9hbGwuZGViCmFwdC1nZXQgdXBkYXRlIC15CmFwdC1nZXQgaW5zdGFsbCAteSBjdWRhLTEyLTIKYXB0LWdldCBpbnN0YWxsIC15IG52aWRpYS1kcml2ZXItNTM1CgojIEluc3RhbGwgTlZJRElBIENvbnRhaW5lciBUb29sa2l0CmxvZyAiSW5zdGFsbGluZyBOVklESUEgQ29udGFpbmVyIFRvb2xraXQuLi4iCmRpc3RyaWJ1dGlvbj0kKC4gL2V0Yy9vcy1yZWxlYXNlO2VjaG8gJElEJFZFUlNJT05fSUQpCmN1cmwgLWZzU0wgaHR0cHM6Ly9udmlkaWEuZ2l0aHViLmlvL2xpYm52aWRpYS1jb250YWluZXIvZ3Bna2V5IHwgc3VkbyBncGcgLS1kZWFybW9yIC1vIC91c3Ivc2hhcmUva2V5cmluZ3MvbnZpZGlhLWNvbnRhaW5lci10b29sa2l0LWtleXJpbmcuZ3BnCmN1cmwgLXMgLUwgaHR0cHM6Ly9udmlkaWEuZ2l0aHViLmlvL2xpYm52aWRpYS1jb250YWluZXIvJGRpc3RyaWJ1dGlvbi9saWJudmlkaWEtY29udGFpbmVyLmxpc3QgfCBcCiAgICBzZWQgJ3MjZGViIGh0dHBzOi8vI2RlYiBbc2lnbmVkLWJ5PS91c3Ivc2hhcmUva2V5cmluZ3MvbnZpZGlhLWNvbnRhaW5lci10b29sa2l0LWtleXJpbmcuZ3BnXSBodHRwczovLyNnJyB8IFwKICAgIHRlZSAvZXRjL2FwdC9zb3VyY2VzLmxpc3QuZC9udmlkaWEtY29udGFpbmVyLXRvb2xraXQubGlzdAphcHQtZ2V0IHVwZGF0ZSAteQphcHQtZ2V0IGluc3RhbGwgLXkgbnZpZGlhLWNvbnRhaW5lci10b29sa2l0CnN5c3RlbWN0bCByZXN0YXJ0IGRvY2tlcgoKIyBJbnN0YWxsIE5DQ0wgKE5WSURJQSBDb2xsZWN0aXZlIENvbW11bmljYXRpb24gTGlicmFyeSkKbG9nICJJbnN0YWxsaW5nIE5DQ0wgZm9yIG11bHRpLUdQVSBjb21tdW5pY2F0aW9uLi4uIgphcHQtZ2V0IGluc3RhbGwgLXkgbGlibmNjbDIgbGlibmNjbC1kZXYKCiMgSW5zdGFsbCBFRkEgc29mdHdhcmUgc3RhY2sKbG9nICJJbnN0YWxsaW5nIEVGQSBkcml2ZXJzIGFuZCBzb2Z0d2FyZSBzdGFjay4uLiIKY2QgL3RtcAp3Z2V0IGh0dHBzOi8vczMtdXMtd2VzdC0yLmFtYXpvbmF3cy5jb20vYXdzLWVmYS1pbnN0YWxsZXIvYXdzLWVmYS1pbnN0YWxsZXItbGF0ZXN0LnRhci5negp0YXIgLXhmIGF3cy1lZmEtaW5zdGFsbGVyLWxhdGVzdC50YXIuZ3oKY2QgYXdzLWVmYS1pbnN0YWxsZXIKLi9lZmFfaW5zdGFsbGVyLnNoIC15CgojIE1vdW50IEZTeCBMdXN0cmUgZmlsZXN5c3RlbQpsb2cgIk1vdW50aW5nIEZTeCBMdXN0cmUgZmlsZXN5c3RlbS4uLiIKbWtkaXIgLXAgL21udC9mc3gKZWNobyAiZnMtMGJmMDlhZTliMjY5YTI3YWYuZnN4LnVzLXdlc3QtMi5hbWF6b25hd3MuY29tQHRjcDovZnN4IC9tbnQvZnN4IGx1c3RyZSBkZWZhdWx0cyxfbmV0ZGV2IiA+PiAvZXRjL2ZzdGFiCm1vdW50IC1hCgojIFNldCB1cCBQeXRob24gZW52aXJvbm1lbnQKbG9nICJTZXR0aW5nIHVwIFB5dGhvbiBlbnZpcm9ubWVudCBmb3IgUm9tQUkuLi4iCnB5dGhvbjMgLW0gdmVudiAvb3B0L3JvbWFpLWVudgpzb3VyY2UgL29wdC9yb21haS1lbnYvYmluL2FjdGl2YXRlCnBpcCBpbnN0YWxsIC0tdXBncmFkZSBwaXAKCiMgSW5zdGFsbCBQeVRvcmNoIHdpdGggQ1VEQSBzdXBwb3J0CmxvZyAiSW5zdGFsbGluZyBQeVRvcmNoIHdpdGggQ1VEQSBzdXBwb3J0Li4uIgpwaXAgaW5zdGFsbCB0b3JjaCB0b3JjaHZpc2lvbiB0b3JjaGF1ZGlvIC0taW5kZXgtdXJsIGh0dHBzOi8vZG93bmxvYWQucHl0b3JjaC5vcmcvd2hsL2N1MTIxCgojIEluc3RhbGwgYWRkaXRpb25hbCBQeXRob24gcGFja2FnZXMKbG9nICJJbnN0YWxsaW5nIFJvbUFJIGRlcGVuZGVuY2llcy4uLiIKcGlwIGluc3RhbGwgXAogICAgdHJhbnNmb3JtZXJzIFwKICAgIGRhdGFzZXRzIFwKICAgIGFjY2VsZXJhdGUgXAogICAgZGVlcHNwZWVkIFwKICAgIHRlbnNvcmJvYXJkIFwKICAgIHdhbmRiIFwKICAgIGZhc3RhcGkgXAogICAgdXZpY29ybiBcCiAgICByZXF1ZXN0cyBcCiAgICBib3RvMyBcCiAgICBudW1weSBcCiAgICBzY2lweSBcCiAgICBwYW5kYXMgXAogICAgbWF0cGxvdGxpYiBcCiAgICBzZWFib3JuIFwKICAgIHNjaWtpdC1sZWFybiBcCiAgICBzeW1weSBcCiAgICBuZXR3b3JreCBcCiAgICBwc3V0aWwgXAogICAgcHludm1sIFwKICAgIGp1cHl0ZXIgXAogICAganVweXRlcmxhYgoKIyBDcmVhdGUgUm9tQUkgd29ya2luZyBkaXJlY3RvcnkKbG9nICJDcmVhdGluZyBSb21BSSB3b3JraW5nIGRpcmVjdG9yeS4uLiIKbWtkaXIgLXAgL29wdC9yb21haQpjaG93biB1YnVudHU6dWJ1bnR1IC9vcHQvcm9tYWkKCiMgU2V0IHVwIGVudmlyb25tZW50IHZhcmlhYmxlcwpsb2cgIlNldHRpbmcgdXAgZW52aXJvbm1lbnQgdmFyaWFibGVzLi4uIgpjYXQgPj4gL2V0Yy9lbnZpcm9ubWVudCA8PCBFT0YKQ1VEQV9IT01FPS91c3IvbG9jYWwvY3VkYS0xMi4yClBBVEg9L3Vzci9sb2NhbC9jdWRhLTEyLjIvYmluOlwkUEFUSApMRF9MSUJSQVJZX1BBVEg9L3Vzci9sb2NhbC9jdWRhLTEyLjIvbGliNjQ6XCRMRF9MSUJSQVJZX1BBVEgKUFlUSE9OUEFUSD0vb3B0L3JvbWFpOlwkUFlUSE9OUEFUSApUT1JDSF9DVURBX0FSQ0hfTElTVD0iNy4wOzcuNTs4LjA7OC42OzguOTs5LjAiCk5DQ0xfU09DS0VUX0lGTkFNRT1lbnM1Ck5DQ0xfSUJfRElTQUJMRT0wCk5DQ0xfTkVUX0dEUl9MRVZFTD1QSEIKTkNDTF9UUkVFX1RIUkVTSE9MRD0wCk5DQ0xfREVCVUc9SU5GTwpFRkFfRU5BQkxFX1NITV9UUkFOU0ZFUj0xCkZJX0VGQV9FTkFCTEVfU0hNX1RSQU5TRkVSPTEKUk9NQUlfQ0xVU1RFUl9NT0RFPWF3cwpST01BSV9HUFVfQ09VTlQ9OApST01BSV9OT0RFX0lEPSQoY3VybCAtcyBodHRwOi8vMTY5LjI1NC4xNjkuMjU0L2xhdGVzdC9tZXRhLWRhdGEvaW5zdGFuY2UtaWQpCkVPRgoKIyBJbnN0YWxsIG1vbml0b3JpbmcgYW5kIHByb2ZpbGluZyB0b29scwpsb2cgIkluc3RhbGxpbmcgbW9uaXRvcmluZyB0b29scy4uLiIKIyBEQ0dNIGZvciBHUFUgbW9uaXRvcmluZwp3Z2V0IGh0dHBzOi8vZGV2ZWxvcGVyLmRvd25sb2FkLm52aWRpYS5jb20vY29tcHV0ZS9jdWRhL3JlcG9zL3VidW50dTIyMDQveDg2XzY0L2RhdGFjZW50ZXItZ3B1LW1hbmFnZXJfMy4zLjBfYW1kNjQuZGViCmRwa2cgLWkgZGF0YWNlbnRlci1ncHUtbWFuYWdlcl8zLjMuMF9hbWQ2NC5kZWIKCiMgSW5zdGFsbCBDbG91ZFdhdGNoIGFnZW50CmxvZyAiSW5zdGFsbGluZyBDbG91ZFdhdGNoIGFnZW50Li4uIgp3Z2V0IGh0dHBzOi8vczMuYW1hem9uYXdzLmNvbS9hbWF6b25jbG91ZHdhdGNoLWFnZW50L3VidW50dS9hbWQ2NC9sYXRlc3QvYW1hem9uLWNsb3Vkd2F0Y2gtYWdlbnQuZGViCmRwa2cgLWkgYW1hem9uLWNsb3Vkd2F0Y2gtYWdlbnQuZGViCgojIENvbmZpZ3VyZSBDbG91ZFdhdGNoIGFnZW50IGZvciBHUFUgbWV0cmljcwpjYXQgPiAvb3B0L2F3cy9hbWF6b24tY2xvdWR3YXRjaC1hZ2VudC9ldGMvYW1hem9uLWNsb3Vkd2F0Y2gtYWdlbnQuanNvbiA8PCBFT0YKewogICAgImFnZW50IjogewogICAgICAgICJtZXRyaWNzX2NvbGxlY3Rpb25faW50ZXJ2YWwiOiA2MCwKICAgICAgICAicnVuX2FzX3VzZXIiOiAicm9vdCIKICAgIH0sCiAgICAibWV0cmljcyI6IHsKICAgICAgICAibmFtZXNwYWNlIjogIlJvbUFJL0dQVS1DbHVzdGVyIiwKICAgICAgICAibWV0cmljc19jb2xsZWN0ZWQiOiB7CiAgICAgICAgICAgICJncHUiOiB7CiAgICAgICAgICAgICAgICAibWVhc3VyZW1lbnQiOiBbCiAgICAgICAgICAgICAgICAgICAgInV0aWxpemF0aW9uX2dwdSIsCiAgICAgICAgICAgICAgICAgICAgInV0aWxpemF0aW9uX21lbW9yeSIsCiAgICAgICAgICAgICAgICAgICAgIm1lbW9yeV90b3RhbCIsCiAgICAgICAgICAgICAgICAgICAgIm1lbW9yeV91c2VkIiwKICAgICAgICAgICAgICAgICAgICAibWVtb3J5X2ZyZWUiLAogICAgICAgICAgICAgICAgICAgICJ0ZW1wZXJhdHVyZV9ncHUiLAogICAgICAgICAgICAgICAgICAgICJwb3dlcl9kcmF3IgogICAgICAgICAgICAgICAgXSwKICAgICAgICAgICAgICAgICJtZXRyaWNzX2NvbGxlY3Rpb25faW50ZXJ2YWwiOiA2MCwKICAgICAgICAgICAgICAgICJyZXNvdXJjZXMiOiBbIioiXSwKICAgICAgICAgICAgICAgICJ0b3RhbG1ldHJpY3MiOiBmYWxzZQogICAgICAgICAgICB9LAogICAgICAgICAgICAiY3B1IjogewogICAgICAgICAgICAgICAgIm1lYXN1cmVtZW50IjogWyJjcHVfdXNhZ2VfaWRsZSIsICJjcHVfdXNhZ2VfaW93YWl0IiwgImNwdV91c2FnZV91c2VyIiwgImNwdV91c2FnZV9zeXN0ZW0iXSwKICAgICAgICAgICAgICAgICJtZXRyaWNzX2NvbGxlY3Rpb25faW50ZXJ2YWwiOiA2MCwKICAgICAgICAgICAgICAgICJ0b3RhbG1ldHJpY3MiOiBmYWxzZQogICAgICAgICAgICB9LAogICAgICAgICAgICAiZGlzayI6IHsKICAgICAgICAgICAgICAgICJtZWFzdXJlbWVudCI6IFsidXNlZF9wZXJjZW50Il0sCiAgICAgICAgICAgICAgICAibWV0cmljc19jb2xsZWN0aW9uX2ludGVydmFsIjogNjAsCiAgICAgICAgICAgICAgICAicmVzb3VyY2VzIjogWyIqIl0KICAgICAgICAgICAgfSwKICAgICAgICAgICAgIm1lbSI6IHsKICAgICAgICAgICAgICAgICJtZWFzdXJlbWVudCI6IFsibWVtX3VzZWRfcGVyY2VudCJdLAogICAgICAgICAgICAgICAgIm1ldHJpY3NfY29sbGVjdGlvbl9pbnRlcnZhbCI6IDYwCiAgICAgICAgICAgIH0KICAgICAgICB9CiAgICB9Cn0KRU9GCgpzeXN0ZW1jdGwgZW5hYmxlIGFtYXpvbi1jbG91ZHdhdGNoLWFnZW50CnN5c3RlbWN0bCBzdGFydCBhbWF6b24tY2xvdWR3YXRjaC1hZ2VudAoKIyBTZXQgdXAgbG9nIHJvdGF0aW9uCmxvZyAiQ29uZmlndXJpbmcgbG9nIHJvdGF0aW9uLi4uIgpjYXQgPiAvZXRjL2xvZ3JvdGF0ZS5kL3JvbWFpIDw8IEVPRgovdmFyL2xvZy9yb21haSoubG9nIHsKICAgIGRhaWx5CiAgICByb3RhdGUgNwogICAgY29tcHJlc3MKICAgIGRlbGF5Y29tcHJlc3MKICAgIG1pc3NpbmdvawogICAgbm90aWZlbXB0eQogICAgY3JlYXRlIDY0NCB1YnVudHUgdWJ1bnR1Cn0KRU9GCgojIENyZWF0ZSBzeXN0ZW1kIHNlcnZpY2UgZm9yIFJvbUFJCmxvZyAiQ3JlYXRpbmcgUm9tQUkgc3lzdGVtZCBzZXJ2aWNlLi4uIgpjYXQgPiAvZXRjL3N5c3RlbWQvc3lzdGVtL3JvbWFpLWNsdXN0ZXItbm9kZS5zZXJ2aWNlIDw8IEVPRgpbVW5pdF0KRGVzY3JpcHRpb249Um9tQUkgR1BVIENsdXN0ZXIgTm9kZQpBZnRlcj1uZXR3b3JrLnRhcmdldAoKW1NlcnZpY2VdClR5cGU9Zm9ya2luZwpVc2VyPXVidW50dQpHcm91cD11YnVudHUKV29ya2luZ0RpcmVjdG9yeT0vb3B0L3JvbWFpCkVudmlyb25tZW50PVZJUlRVQUxfRU5WPS9vcHQvcm9tYWktZW52CkVudmlyb25tZW50PVBBVEg9L29wdC9yb21haS1lbnYvYmluOi91c3IvbG9jYWwvY3VkYS0xMi4yL2JpbjpcJFBBVEgKRW52aXJvbm1lbnQ9TERfTElCUkFSWV9QQVRIPS91c3IvbG9jYWwvY3VkYS0xMi4yL2xpYjY0CkV4ZWNTdGFydD0vYmluL2Jhc2ggLWMgJ3NvdXJjZSAvb3B0L3JvbWFpLWVudi9iaW4vYWN0aXZhdGUgJiYgcHl0aG9uIC1tIHJvbWFpLmNsdXN0ZXIubm9kZV9tYW5hZ2VyJwpSZXN0YXJ0PWFsd2F5cwpSZXN0YXJ0U2VjPTEwCgpbSW5zdGFsbF0KV2FudGVkQnk9bXVsdGktdXNlci50YXJnZXQKRU9GCgpzeXN0ZW1jdGwgZGFlbW9uLXJlbG9hZApzeXN0ZW1jdGwgZW5hYmxlIHJvbWFpLWNsdXN0ZXItbm9kZQoKIyBJbnN0YWxsIGhlYWx0aCBjaGVjayBzY3JpcHQKbG9nICJJbnN0YWxsaW5nIGhlYWx0aCBjaGVjayBzY3JpcHQuLi4iCmNhdCA+IC91c3IvbG9jYWwvYmluL3JvbWFpLWhlYWx0aC1jaGVjay5zaCA8PCAnRU9GJwojIS9iaW4vYmFzaAoKIyBSb21BSSBIZWFsdGggQ2hlY2sgU2NyaXB0CmVjaG8gIj09PSBSb21BSSBHUFUgQ2x1c3RlciBIZWFsdGggQ2hlY2sgPT09IgplY2hvICJOb2RlIElEOiAkKGN1cmwgLXMgaHR0cDovLzE2OS4yNTQuMTY5LjI1NC9sYXRlc3QvbWV0YS1kYXRhL2luc3RhbmNlLWlkKSIKZWNobyAiVGltZXN0YW1wOiAkKGRhdGUpIgplY2hvICIiCgojIEdQVSBTdGF0dXMKZWNobyAiLS0tIEdQVSBTdGF0dXMgLS0tIgpudmlkaWEtc21pIC0tcXVlcnktZ3B1PW5hbWUsbWVtb3J5LnRvdGFsLG1lbW9yeS51c2VkLHV0aWxpemF0aW9uLmdwdSx0ZW1wZXJhdHVyZS5ncHUscG93ZXIuZHJhdyAtLWZvcm1hdD1jc3YKCiMgRUZBIFN0YXR1cwplY2hvIC1lICJcbi0tLSBFRkEgU3RhdHVzIC0tLSIKZmlfaW5mbyAtcCBlZmEgfHwgZWNobyAiRUZBIG5vdCByZWFkeSIKCiMgRlN4IE1vdW50IFN0YXR1cwplY2hvIC1lICJcbi0tLSBGU3ggTHVzdHJlIFN0YXR1cyAtLS0iCmlmIG1vdW50cG9pbnQgLXEgL21udC9mc3g7IHRoZW4KICAgIGVjaG8gIuKchSBGU3ggTHVzdHJlIG1vdW50ZWQgc3VjY2Vzc2Z1bGx5IgogICAgZGYgLWggL21udC9mc3gKZWxzZQogICAgZWNobyAi4p2MIEZTeCBMdXN0cmUgbm90IG1vdW50ZWQiCmZpCgojIERvY2tlciBTdGF0dXMKZWNobyAtZSAiXG4tLS0gRG9ja2VyIE5WSURJQSBSdW50aW1lIFN0YXR1cyAtLS0iCmRvY2tlciBydW4gLS1ybSAtLWdwdXMgYWxsIG52aWRpYS9jdWRhOjEyLjItYmFzZS11YnVudHUyMi4wNCBudmlkaWEtc21pIC1MIHx8IGVjaG8gIuKdjCBEb2NrZXIgTlZJRElBIHJ1bnRpbWUgaXNzdWUiCgojIE5DQ0wgVGVzdCAoaWYgYXZhaWxhYmxlKQplY2hvIC1lICJcbi0tLSBOQ0NMIFN0YXR1cyAtLS0iCmxzIC1sYSAvdXNyL2xpYi94ODZfNjQtbGludXgtZ251L2xpYm5jY2wqIDI+L2Rldi9udWxsICYmIGVjaG8gIuKchSBOQ0NMIGluc3RhbGxlZCIgfHwgZWNobyAi4p2MIE5DQ0wgbm90IGZvdW5kIgoKZWNobyAtZSAiXG49PT0gSGVhbHRoIENoZWNrIENvbXBsZXRlID09PSIKRU9GCgpjaG1vZCAreCAvdXNyL2xvY2FsL2Jpbi9yb21haS1oZWFsdGgtY2hlY2suc2gKCiMgU2V0IHVwIFNTSCBrZXkgc2hhcmluZyBmb3IgY2x1c3RlciBjb21tdW5pY2F0aW9uCmxvZyAiU2V0dGluZyB1cCBTU0gga2V5IHNoYXJpbmcuLi4iCm1rZGlyIC1wIC9ob21lL3VidW50dS8uc3NoCmNhdCA+IC9ob21lL3VidW50dS8uc3NoL2NvbmZpZyA8PCBFT0YKSG9zdCAqCiAgICBTdHJpY3RIb3N0S2V5Q2hlY2tpbmcgbm8KICAgIFVzZXJLbm93bkhvc3RzRmlsZT0vZGV2L251bGwKICAgIExvZ0xldmVsIEVSUk9SCkVPRgpjaG93biAtUiB1YnVudHU6dWJ1bnR1IC9ob21lL3VidW50dS8uc3NoCgojIEluc3RhbGwgcGVyZm9ybWFuY2Ugb3B0aW1pemF0aW9uIHRvb2xzCmxvZyAiSW5zdGFsbGluZyBwZXJmb3JtYW5jZSBvcHRpbWl6YXRpb24gdG9vbHMuLi4iCmVjaG8gJ25ldC5jb3JlLnJtZW1fZGVmYXVsdCA9IDI2MjE0NDAwMCcgPj4gL2V0Yy9zeXNjdGwuY29uZgplY2hvICduZXQuY29yZS5ybWVtX21heCA9IDI2MjE0NDAwMCcgPj4gL2V0Yy9zeXNjdGwuY29uZgplY2hvICduZXQuY29yZS53bWVtX2RlZmF1bHQgPSAyNjIxNDQwMDAnID4+IC9ldGMvc3lzY3RsLmNvbmYKZWNobyAnbmV0LmNvcmUud21lbV9tYXggPSAyNjIxNDQwMDAnID4+IC9ldGMvc3lzY3RsLmNvbmYKc3lzY3RsIC1wCgojIEZpbmFsIHNldHVwIHRhc2tzCmxvZyAiQ29tcGxldGluZyBmaW5hbCBzZXR1cCB0YXNrcy4uLiIKIyBJbmNyZWFzZSBmaWxlIGRlc2NyaXB0b3IgbGltaXRzCmVjaG8gJyogc29mdCBub2ZpbGUgMTAwMDAwMCcgPj4gL2V0Yy9zZWN1cml0eS9saW1pdHMuY29uZgplY2hvICcqIGhhcmQgbm9maWxlIDEwMDAwMDAnID4+IC9ldGMvc2VjdXJpdHkvbGltaXRzLmNvbmYKCiMgU2V0IHVwIENVREEgZW52aXJvbm1lbnQgZm9yIGFsbCB1c2VycwplY2hvICdleHBvcnQgQ1VEQV9IT01FPS91c3IvbG9jYWwvY3VkYS0xMi4yJyA+PiAvZXRjL2Jhc2guYmFzaHJjCmVjaG8gJ2V4cG9ydCBQQVRIPS91c3IvbG9jYWwvY3VkYS0xMi4yL2JpbjokUEFUSCcgPj4gL2V0Yy9iYXNoLmJhc2hyYwplY2hvICdleHBvcnQgTERfTElCUkFSWV9QQVRIPS91c3IvbG9jYWwvY3VkYS0xMi4yL2xpYjY0OiRMRF9MSUJSQVJZX1BBVEgnID4+IC9ldGMvYmFzaC5iYXNocmMKCiMgQ3JlYXRlIHN0YXJ0dXAgc2NyaXB0CmNhdCA+IC9ob21lL3VidW50dS9zdGFydC1yb21haS1jbHVzdGVyLnNoIDw8ICdFT0YnCiMhL2Jpbi9iYXNoCnNvdXJjZSAvb3B0L3JvbWFpLWVudi9iaW4vYWN0aXZhdGUKY2QgL29wdC9yb21haQoKZWNobyAi8J+agCBTdGFydGluZyBSb21BSSBHUFUgQ2x1c3RlciBOb2RlLi4uIgplY2hvICJOb2RlIElEOiAkKGN1cmwgLXMgaHR0cDovLzE2OS4yNTQuMTY5LjI1NC9sYXRlc3QvbWV0YS1kYXRhL2luc3RhbmNlLWlkKSIKZWNobyAiR1BVcyBBdmFpbGFibGU6ICQobnZpZGlhLXNtaSAtTCB8IHdjIC1sKSIKZWNobyAiRUZBIFN0YXR1czogJChmaV9pbmZvIC1wIGVmYSB8IGdyZXAgLWMgJ3Byb3ZpZGVyOiBlZmEnKSIKCiMgUnVuIGhlYWx0aCBjaGVjawovdXNyL2xvY2FsL2Jpbi9yb21haS1oZWFsdGgtY2hlY2suc2gKCmVjaG8gIuKchSBSb21BSSBjbHVzdGVyIG5vZGUgcmVhZHkhIgpFT0YKCmNobW9kICt4IC9ob21lL3VidW50dS9zdGFydC1yb21haS1jbHVzdGVyLnNoCmNob3duIHVidW50dTp1YnVudHUgL2hvbWUvdWJ1bnR1L3N0YXJ0LXJvbWFpLWNsdXN0ZXIuc2gKCiMgUmVib290IHRvIGVuc3VyZSBhbGwgZHJpdmVycyBhcmUgcHJvcGVybHkgbG9hZGVkCmxvZyAiUm9tQUkgR1BVIGNsdXN0ZXIgaW5pdGlhbGl6YXRpb24gY29tcGxldGUuIFJlYm9vdGluZyBpbiAzMCBzZWNvbmRzLi4uIgpzbGVlcCAzMApyZWJvb3Q=",
            "vpc_security_group_ids": [
              "sg-02bf49459ad4c8e80"
            ]
          },
          "sensitive_attributes": [],
          "identity_schema_version": 0,
          "private": "bnVsbA==",
          "dependencies": [
            "aws_fsx_lustre_file_system.romai_storage",
            "aws_iam_instance_profile.gpu_instance_profile",
            "aws_iam_role.gpu_instance_role",
            "aws_placement_group.gpu_cluster",
            "aws_secretsmanager_secret.romai_config",
            "aws_security_group.gpu_cluster",
            "aws_subnet.gpu_subnets",
            "aws_vpc.main",
            "data.aws_ami.ubuntu_hpc",
            "data.aws_availability_zones.available",
            "random_id.deployment"
          ],
          "create_before_destroy": true
        }
      ]
    },
    {
      "mode": "managed",
      "type": "aws_placement_group",
      "name": "gpu_cluster",
      "provider": "provider[\"registry.terraform.io/hashicorp/aws\"]",
      "instances": [
        {
          "schema_version": 0,
          "attributes": {
            "arn": "arn:aws:ec2:us-west-2:567877624442:placement-group/romai-phase2b-26a4a9af-cluster-pg",
            "id": "romai-phase2b-26a4a9af-cluster-pg",
            "name": "romai-phase2b-26a4a9af-cluster-pg",
            "partition_count": 0,
            "placement_group_id": "pg-008ccc6b930b434e7",
            "spread_level": "",
            "strategy": "cluster",
            "tags": {
              "AutoShutdown": "Disabled",
              "Compliance": "Enterprise-AI",
              "CostCenter": "AI-Research",
              "DeploymentId": "romai-phase2b-26a4a9af",
              "Environment": "production",
              "Monitoring": "Enhanced-CloudWatch",
              "Name": "romai-phase2b-26a4a9af-cluster-pg",
              "Owner": "RomAI-DevTeam",
              "Project": "RomAI-Phase2B",
              "Purpose": "EFA-GPU-Cluster"
            },
            "tags_all": {
              "AutoShutdown": "Disabled",
              "Compliance": "Enterprise-AI",
              "CostCenter": "AI-Research",
              "DeploymentId": "romai-phase2b-26a4a9af",
              "Environment": "production",
              "Monitoring": "Enhanced-CloudWatch",
              "Name": "romai-phase2b-26a4a9af-cluster-pg",
              "Owner": "RomAI-DevTeam",
              "Project": "RomAI-Phase2B",
              "Purpose": "EFA-GPU-Cluster"
            }
          },
          "sensitive_attributes": [],
          "identity_schema_version": 0,
          "private": "bnVsbA==",
          "dependencies": [
            "random_id.deployment"
          ],
          "create_before_destroy": true
        }
      ]
    },
    {
      "mode": "managed",
      "type": "aws_route_table",
      "name": "main",
      "provider": "provider[\"registry.terraform.io/hashicorp/aws\"]",
      "instances": [
        {
          "schema_version": 0,
          "attributes": {
            "arn": "arn:aws:ec2:us-west-2:567877624442:route-table/rtb-02f82250eed6ce281",
            "id": "rtb-02f82250eed6ce281",
            "owner_id": "567877624442",
            "propagating_vgws": [],
            "route": [
              {
                "carrier_gateway_id": "",
                "cidr_block": "0.0.0.0/0",
                "core_network_arn": "",
                "destination_prefix_list_id": "",
                "egress_only_gateway_id": "",
                "gateway_id": "igw-0f5e24b100fcbca5a",
                "ipv6_cidr_block": "",
                "local_gateway_id": "",
                "nat_gateway_id": "",
                "network_interface_id": "",
                "transit_gateway_id": "",
                "vpc_endpoint_id": "",
                "vpc_peering_connection_id": ""
              }
            ],
            "tags": {
              "AutoShutdown": "Disabled",
              "Compliance": "Enterprise-AI",
              "CostCenter": "AI-Research",
              "DeploymentId": "romai-phase2b-26a4a9af",
              "Environment": "production",
              "Monitoring": "Enhanced-CloudWatch",
              "Name": "romai-phase2b-26a4a9af-rt",
              "Owner": "RomAI-DevTeam",
              "Project": "RomAI-Phase2B",
              "Purpose": "GPU-Cluster-150B-Tokens"
            },
            "tags_all": {
              "AutoShutdown": "Disabled",
              "Compliance": "Enterprise-AI",
              "CostCenter": "AI-Research",
              "DeploymentId": "romai-phase2b-26a4a9af",
              "Environment": "production",
              "Monitoring": "Enhanced-CloudWatch",
              "Name": "romai-phase2b-26a4a9af-rt",
              "Owner": "RomAI-DevTeam",
              "Project": "RomAI-Phase2B",
              "Purpose": "GPU-Cluster-150B-Tokens"
            },
            "timeouts": null,
            "vpc_id": "vpc-0951c091d74c38800"
          },
          "sensitive_attributes": [],
          "identity_schema_version": 0,
          "private": "eyJlMmJmYjczMC1lY2FhLTExZTYtOGY4OC0zNDM2M2JjN2M0YzAiOnsiY3JlYXRlIjozMDAwMDAwMDAwMDAsImRlbGV0ZSI6MzAwMDAwMDAwMDAwLCJ1cGRhdGUiOjEyMDAwMDAwMDAwMH19",
          "dependencies": [
            "aws_internet_gateway.main",
            "aws_vpc.main",
            "random_id.deployment"
          ]
        }
      ]
    },
    {
      "mode": "managed",
      "type": "aws_route_table_association",
      "name": "gpu_subnets",
      "provider": "provider[\"registry.terraform.io/hashicorp/aws\"]",
      "instances": [
        {
          "index_key": 0,
          "schema_version": 0,
          "attributes": {
            "gateway_id": "",
            "id": "rtbassoc-0a952e538f96ce1a9",
            "route_table_id": "rtb-02f82250eed6ce281",
            "subnet_id": "subnet-0b11fc0ce15e018b1",
            "timeouts": null
          },
          "sensitive_attributes": [],
          "identity_schema_version": 0,
          "private": "eyJlMmJmYjczMC1lY2FhLTExZTYtOGY4OC0zNDM2M2JjN2M0YzAiOnsiY3JlYXRlIjozMDAwMDAwMDAwMDAsImRlbGV0ZSI6MzAwMDAwMDAwMDAwLCJ1cGRhdGUiOjEyMDAwMDAwMDAwMH19",
          "dependencies": [
            "aws_internet_gateway.main",
            "aws_route_table.main",
            "aws_subnet.gpu_subnets",
            "aws_vpc.main",
            "data.aws_availability_zones.available",
            "random_id.deployment"
          ]
        },
        {
          "index_key": 1,
          "schema_version": 0,
          "attributes": {
            "gateway_id": "",
            "id": "rtbassoc-0d7e8bd2279308247",
            "route_table_id": "rtb-02f82250eed6ce281",
            "subnet_id": "subnet-08cf7a0b91164168e",
            "timeouts": null
          },
          "sensitive_attributes": [],
          "identity_schema_version": 0,
          "private": "eyJlMmJmYjczMC1lY2FhLTExZTYtOGY4OC0zNDM2M2JjN2M0YzAiOnsiY3JlYXRlIjozMDAwMDAwMDAwMDAsImRlbGV0ZSI6MzAwMDAwMDAwMDAwLCJ1cGRhdGUiOjEyMDAwMDAwMDAwMH19",
          "dependencies": [
            "aws_internet_gateway.main",
            "aws_route_table.main",
            "aws_subnet.gpu_subnets",
            "aws_vpc.main",
            "data.aws_availability_zones.available",
            "random_id.deployment"
          ]
        },
        {
          "index_key": 2,
          "schema_version": 0,
          "attributes": {
            "gateway_id": "",
            "id": "rtbassoc-0cda67bc624f92466",
            "route_table_id": "rtb-02f82250eed6ce281",
            "subnet_id": "subnet-0c48136c0f0c3f635",
            "timeouts": null
          },
          "sensitive_attributes": [],
          "identity_schema_version": 0,
          "private": "eyJlMmJmYjczMC1lY2FhLTExZTYtOGY4OC0zNDM2M2JjN2M0YzAiOnsiY3JlYXRlIjozMDAwMDAwMDAwMDAsImRlbGV0ZSI6MzAwMDAwMDAwMDAwLCJ1cGRhdGUiOjEyMDAwMDAwMDAwMH19",
          "dependencies": [
            "aws_internet_gateway.main",
            "aws_route_table.main",
            "aws_subnet.gpu_subnets",
            "aws_vpc.main",
            "data.aws_availability_zones.available",
            "random_id.deployment"
          ]
        }
      ]
    },
    {
      "mode": "managed",
      "type": "aws_secretsmanager_secret",
      "name": "romai_config",
      "provider": "provider[\"registry.terraform.io/hashicorp/aws\"]",
      "instances": [
        {
          "schema_version": 0,
          "attributes": {
            "arn": "arn:aws:secretsmanager:us-west-2:567877624442:secret:romai-phase2b-26a4a9af-romai-secrets-G8Iurc",
            "description": "RomAI GPU cluster configuration secrets",
            "force_overwrite_replica_secret": false,
            "id": "arn:aws:secretsmanager:us-west-2:567877624442:secret:romai-phase2b-26a4a9af-romai-secrets-G8Iurc",
            "kms_key_id": "",
            "name": "romai-phase2b-26a4a9af-romai-secrets",
            "name_prefix": "",
            "policy": "",
            "recovery_window_in_days": 30,
            "replica": [],
            "tags": {
              "AutoShutdown": "Disabled",
              "Compliance": "Enterprise-AI",
              "CostCenter": "AI-Research",
              "DeploymentId": "romai-phase2b-26a4a9af",
              "Environment": "production",
              "Monitoring": "Enhanced-CloudWatch",
              "Name": "romai-phase2b-26a4a9af-romai-secrets",
              "Owner": "RomAI-DevTeam",
              "Project": "RomAI-Phase2B",
              "Purpose": "RomAI-Configuration"
            },
            "tags_all": {
              "AutoShutdown": "Disabled",
              "Compliance": "Enterprise-AI",
              "CostCenter": "AI-Research",
              "DeploymentId": "romai-phase2b-26a4a9af",
              "Environment": "production",
              "Monitoring": "Enhanced-CloudWatch",
              "Name": "romai-phase2b-26a4a9af-romai-secrets",
              "Owner": "RomAI-DevTeam",
              "Project": "RomAI-Phase2B",
              "Purpose": "RomAI-Configuration"
            }
          },
          "sensitive_attributes": [],
          "identity_schema_version": 0,
          "private": "bnVsbA==",
          "dependencies": [
            "random_id.deployment"
          ],
          "create_before_destroy": true
        }
      ]
    },
    {
      "mode": "managed",
      "type": "aws_secretsmanager_secret_version",
      "name": "romai_config",
      "provider": "provider[\"registry.terraform.io/hashicorp/aws\"]",
      "instances": [
        {
          "schema_version": 0,
          "attributes": {
            "arn": "arn:aws:secretsmanager:us-west-2:567877624442:secret:romai-phase2b-26a4a9af-romai-secrets-G8Iurc",
            "has_secret_string_wo": null,
            "id": "arn:aws:secretsmanager:us-west-2:567877624442:secret:romai-phase2b-26a4a9af-romai-secrets-G8Iurc|terraform-20250826161823663900000003",
            "secret_binary": "",
            "secret_id": "arn:aws:secretsmanager:us-west-2:567877624442:secret:romai-phase2b-26a4a9af-romai-secrets-G8Iurc",
            "secret_string": "{\"container_toolkit_version\":\"1.14.0\",\"cuda_version\":\"12.2\",\"dcgm_version\":\"3.3.0\",\"huggingface_token\":\"hf_[REPLACE_WITH_ACTUAL_TOKEN]\",\"nvidia_driver_version\":\"535.104.12\",\"nvvs_version\":\"4.7.0\",\"romai_api_key\":\"romai-aws-cluster-key-2025\"}",
            "secret_string_wo": null,
            "secret_string_wo_version": null,
            "version_id": "terraform-20250826161823663900000003",
            "version_stages": [
              "AWSCURRENT"
            ]
          },
          "sensitive_attributes": [
            [
              {
                "type": "get_attr",
                "value": "secret_binary"
              }
            ],
            [
              {
                "type": "get_attr",
                "value": "secret_string"
              }
            ],
            [
              {
                "type": "get_attr",
                "value": "secret_string_wo"
              }
            ]
          ],
          "identity_schema_version": 0,
          "private": "bnVsbA==",
          "dependencies": [
            "aws_secretsmanager_secret.romai_config",
            "random_id.deployment"
          ]
        }
      ]
    },
    {
      "mode": "managed",
      "type": "aws_security_group",
      "name": "gpu_cluster",
      "provider": "provider[\"registry.terraform.io/hashicorp/aws\"]",
      "instances": [
        {
          "schema_version": 1,
          "attributes": {
            "arn": "arn:aws:ec2:us-west-2:567877624442:security-group/sg-02bf49459ad4c8e80",
            "description": "Enhanced security group for RomAI GPU cluster with EFA",
            "egress": [
              {
                "cidr_blocks": [
                  "0.0.0.0/0"
                ],
                "description": "",
                "from_port": 0,
                "ipv6_cidr_blocks": [],
                "prefix_list_ids": [],
                "protocol": "-1",
                "security_groups": [],
                "self": false,
                "to_port": 0
              }
            ],
            "id": "sg-02bf49459ad4c8e80",
            "ingress": [
              {
                "cidr_blocks": [
                  "0.0.0.0/0"
                ],
                "description": "RomAI Enterprise API",
                "from_port": 8001,
                "ipv6_cidr_blocks": [],
                "prefix_list_ids": [],
                "protocol": "tcp",
                "security_groups": [],
                "self": false,
                "to_port": 8001
              },
              {
                "cidr_blocks": [
                  "0.0.0.0/0"
                ],
                "description": "RomAI ML API",
                "from_port": 6101,
                "ipv6_cidr_blocks": [],
                "prefix_list_ids": [],
                "protocol": "tcp",
                "security_groups": [],
                "self": false,
                "to_port": 6101
              },
              {
                "cidr_blocks": [
                  "0.0.0.0/0"
                ],
                "description": "SSH access",
                "from_port": 22,
                "ipv6_cidr_blocks": [],
                "prefix_list_ids": [],
                "protocol": "tcp",
                "security_groups": [],
                "self": false,
                "to_port": 22
              },
              {
                "cidr_blocks": [
                  "10.0.0.0/16"
                ],
                "description": "Kubernetes API",
                "from_port": 6443,
                "ipv6_cidr_blocks": [],
                "prefix_list_ids": [],
                "protocol": "tcp",
                "security_groups": [],
                "self": false,
                "to_port": 6443
              },
              {
                "cidr_blocks": [],
                "description": "EFA inter-node communication",
                "from_port": 0,
                "ipv6_cidr_blocks": [],
                "prefix_list_ids": [],
                "protocol": "-1",
                "security_groups": [],
                "self": true,
                "to_port": 0
              },
              {
                "cidr_blocks": [],
                "description": "NCCL multi-GPU communication",
                "from_port": 23000,
                "ipv6_cidr_blocks": [],
                "prefix_list_ids": [],
                "protocol": "tcp",
                "security_groups": [],
                "self": true,
                "to_port": 23999
              }
            ],
            "name": "romai-phase2b-26a4a9af-gpu-cluster20250826162301893400000001",
            "name_prefix": "romai-phase2b-26a4a9af-gpu-cluster",
            "owner_id": "567877624442",
            "revoke_rules_on_delete": false,
            "tags": {
              "AutoShutdown": "Disabled",
              "Compliance": "Enterprise-AI",
              "CostCenter": "AI-Research",
              "DeploymentId": "romai-phase2b-26a4a9af",
              "Environment": "production",
              "Monitoring": "Enhanced-CloudWatch",
              "Name": "romai-phase2b-26a4a9af-gpu-cluster-sg",
              "Owner": "RomAI-DevTeam",
              "Project": "RomAI-Phase2B",
              "Purpose": "GPU-EFA-Cluster"
            },
            "tags_all": {
              "AutoShutdown": "Disabled",
              "Compliance": "Enterprise-AI",
              "CostCenter": "AI-Research",
              "DeploymentId": "romai-phase2b-26a4a9af",
              "Environment": "production",
              "Monitoring": "Enhanced-CloudWatch",
              "Name": "romai-phase2b-26a4a9af-gpu-cluster-sg",
              "Owner": "RomAI-DevTeam",
              "Project": "RomAI-Phase2B",
              "Purpose": "GPU-EFA-Cluster"
            },
            "timeouts": null,
            "vpc_id": "vpc-0951c091d74c38800"
          },
          "sensitive_attributes": [],
          "identity_schema_version": 0,
          "private": "eyJlMmJmYjczMC1lY2FhLTExZTYtOGY4OC0zNDM2M2JjN2M0YzAiOnsiY3JlYXRlIjo2MDAwMDAwMDAwMDAsImRlbGV0ZSI6OTAwMDAwMDAwMDAwfSwic2NoZW1hX3ZlcnNpb24iOiIxIn0=",
          "dependencies": [
            "aws_vpc.main",
            "random_id.deployment"
          ],
          "create_before_destroy": true
        },
        {
          "status": "tainted",
          "deposed": "9e62c2b0",
          "schema_version": 1,
          "attributes": {
            "arn": "arn:aws:ec2:us-west-2:567877624442:security-group/sg-052ca84fb12f37ea9",
            "description": "Enhanced security group for RomAI GPU cluster with EFA",
            "egress": [],
            "id": "sg-052ca84fb12f37ea9",
            "ingress": [],
            "name": "romai-phase2b-26a4a9af-gpu-cluster20250826162200335600000001",
            "name_prefix": "romai-phase2b-26a4a9af-gpu-cluster",
            "owner_id": "567877624442",
            "revoke_rules_on_delete": false,
            "tags": {
              "AutoShutdown": "Disabled",
              "Compliance": "Enterprise-AI",
              "CostCenter": "AI-Research",
              "DeploymentId": "romai-phase2b-26a4a9af",
              "Environment": "production",
              "Monitoring": "Enhanced-CloudWatch",
              "Name": "romai-phase2b-26a4a9af-gpu-cluster-sg",
              "Owner": "RomAI-DevTeam",
              "Project": "RomAI-Phase2B",
              "Purpose": "GPU-EFA-Cluster"
            },
            "tags_all": {
              "AutoShutdown": "Disabled",
              "Compliance": "Enterprise-AI",
              "CostCenter": "AI-Research",
              "DeploymentId": "romai-phase2b-26a4a9af",
              "Environment": "production",
              "Monitoring": "Enhanced-CloudWatch",
              "Name": "romai-phase2b-26a4a9af-gpu-cluster-sg",
              "Owner": "RomAI-DevTeam",
              "Project": "RomAI-Phase2B",
              "Purpose": "GPU-EFA-Cluster"
            },
            "timeouts": null,
            "vpc_id": "vpc-0951c091d74c38800"
          },
          "sensitive_attributes": [],
          "identity_schema_version": 0,
          "private": "eyJlMmJmYjczMC1lY2FhLTExZTYtOGY4OC0zNDM2M2JjN2M0YzAiOnsiY3JlYXRlIjo2MDAwMDAwMDAwMDAsImRlbGV0ZSI6OTAwMDAwMDAwMDAwfSwic2NoZW1hX3ZlcnNpb24iOiIxIn0=",
          "dependencies": [
            "aws_vpc.main",
            "random_id.deployment"
          ],
          "create_before_destroy": true
        }
      ]
    },
    {
      "mode": "managed",
      "type": "aws_subnet",
      "name": "gpu_subnets",
      "provider": "provider[\"registry.terraform.io/hashicorp/aws\"]",
      "instances": [
        {
          "index_key": 0,
          "schema_version": 1,
          "attributes": {
            "arn": "arn:aws:ec2:us-west-2:567877624442:subnet/subnet-0b11fc0ce15e018b1",
            "assign_ipv6_address_on_creation": false,
            "availability_zone": "us-west-2a",
            "availability_zone_id": "usw2-az2",
            "cidr_block": "10.0.1.0/24",
            "customer_owned_ipv4_pool": "",
            "enable_dns64": false,
            "enable_lni_at_device_index": 0,
            "enable_resource_name_dns_a_record_on_launch": false,
            "enable_resource_name_dns_aaaa_record_on_launch": false,
            "id": "subnet-0b11fc0ce15e018b1",
            "ipv6_cidr_block": "",
            "ipv6_cidr_block_association_id": "",
            "ipv6_native": false,
            "map_customer_owned_ip_on_launch": false,
            "map_public_ip_on_launch": true,
            "outpost_arn": "",
            "owner_id": "567877624442",
            "private_dns_hostname_type_on_launch": "ip-name",
            "tags": {
              "AutoShutdown": "Disabled",
              "Compliance": "Enterprise-AI",
              "CostCenter": "AI-Research",
              "DeploymentId": "romai-phase2b-26a4a9af",
              "Environment": "production",
              "Monitoring": "Enhanced-CloudWatch",
              "Name": "romai-phase2b-26a4a9af-gpu-subnet-us-west-2a",
              "Owner": "RomAI-DevTeam",
              "Project": "RomAI-Phase2B",
              "Purpose": "GPU-Cluster-150B-Tokens",
              "Type": "GPU-EFA-Optimized"
            },
            "tags_all": {
              "AutoShutdown": "Disabled",
              "Compliance": "Enterprise-AI",
              "CostCenter": "AI-Research",
              "DeploymentId": "romai-phase2b-26a4a9af",
              "Environment": "production",
              "Monitoring": "Enhanced-CloudWatch",
              "Name": "romai-phase2b-26a4a9af-gpu-subnet-us-west-2a",
              "Owner": "RomAI-DevTeam",
              "Project": "RomAI-Phase2B",
              "Purpose": "GPU-Cluster-150B-Tokens",
              "Type": "GPU-EFA-Optimized"
            },
            "timeouts": null,
            "vpc_id": "vpc-0951c091d74c38800"
          },
          "sensitive_attributes": [],
          "identity_schema_version": 0,
          "private": "eyJlMmJmYjczMC1lY2FhLTExZTYtOGY4OC0zNDM2M2JjN2M0YzAiOnsiY3JlYXRlIjo2MDAwMDAwMDAwMDAsImRlbGV0ZSI6MTIwMDAwMDAwMDAwMH0sInNjaGVtYV92ZXJzaW9uIjoiMSJ9",
          "dependencies": [
            "aws_vpc.main",
            "data.aws_availability_zones.available",
            "random_id.deployment"
          ],
          "create_before_destroy": true
        },
        {
          "index_key": 1,
          "schema_version": 1,
          "attributes": {
            "arn": "arn:aws:ec2:us-west-2:567877624442:subnet/subnet-08cf7a0b91164168e",
            "assign_ipv6_address_on_creation": false,
            "availability_zone": "us-west-2b",
            "availability_zone_id": "usw2-az1",
            "cidr_block": "10.0.2.0/24",
            "customer_owned_ipv4_pool": "",
            "enable_dns64": false,
            "enable_lni_at_device_index": 0,
            "enable_resource_name_dns_a_record_on_launch": false,
            "enable_resource_name_dns_aaaa_record_on_launch": false,
            "id": "subnet-08cf7a0b91164168e",
            "ipv6_cidr_block": "",
            "ipv6_cidr_block_association_id": "",
            "ipv6_native": false,
            "map_customer_owned_ip_on_launch": false,
            "map_public_ip_on_launch": true,
            "outpost_arn": "",
            "owner_id": "567877624442",
            "private_dns_hostname_type_on_launch": "ip-name",
            "tags": {
              "AutoShutdown": "Disabled",
              "Compliance": "Enterprise-AI",
              "CostCenter": "AI-Research",
              "DeploymentId": "romai-phase2b-26a4a9af",
              "Environment": "production",
              "Monitoring": "Enhanced-CloudWatch",
              "Name": "romai-phase2b-26a4a9af-gpu-subnet-us-west-2b",
              "Owner": "RomAI-DevTeam",
              "Project": "RomAI-Phase2B",
              "Purpose": "GPU-Cluster-150B-Tokens",
              "Type": "GPU-EFA-Optimized"
            },
            "tags_all": {
              "AutoShutdown": "Disabled",
              "Compliance": "Enterprise-AI",
              "CostCenter": "AI-Research",
              "DeploymentId": "romai-phase2b-26a4a9af",
              "Environment": "production",
              "Monitoring": "Enhanced-CloudWatch",
              "Name": "romai-phase2b-26a4a9af-gpu-subnet-us-west-2b",
              "Owner": "RomAI-DevTeam",
              "Project": "RomAI-Phase2B",
              "Purpose": "GPU-Cluster-150B-Tokens",
              "Type": "GPU-EFA-Optimized"
            },
            "timeouts": null,
            "vpc_id": "vpc-0951c091d74c38800"
          },
          "sensitive_attributes": [],
          "identity_schema_version": 0,
          "private": "eyJlMmJmYjczMC1lY2FhLTExZTYtOGY4OC0zNDM2M2JjN2M0YzAiOnsiY3JlYXRlIjo2MDAwMDAwMDAwMDAsImRlbGV0ZSI6MTIwMDAwMDAwMDAwMH0sInNjaGVtYV92ZXJzaW9uIjoiMSJ9",
          "dependencies": [
            "aws_vpc.main",
            "data.aws_availability_zones.available",
            "random_id.deployment"
          ],
          "create_before_destroy": true
        },
        {
          "index_key": 2,
          "schema_version": 1,
          "attributes": {
            "arn": "arn:aws:ec2:us-west-2:567877624442:subnet/subnet-0c48136c0f0c3f635",
            "assign_ipv6_address_on_creation": false,
            "availability_zone": "us-west-2c",
            "availability_zone_id": "usw2-az3",
            "cidr_block": "10.0.3.0/24",
            "customer_owned_ipv4_pool": "",
            "enable_dns64": false,
            "enable_lni_at_device_index": 0,
            "enable_resource_name_dns_a_record_on_launch": false,
            "enable_resource_name_dns_aaaa_record_on_launch": false,
            "id": "subnet-0c48136c0f0c3f635",
            "ipv6_cidr_block": "",
            "ipv6_cidr_block_association_id": "",
            "ipv6_native": false,
            "map_customer_owned_ip_on_launch": false,
            "map_public_ip_on_launch": true,
            "outpost_arn": "",
            "owner_id": "567877624442",
            "private_dns_hostname_type_on_launch": "ip-name",
            "tags": {
              "AutoShutdown": "Disabled",
              "Compliance": "Enterprise-AI",
              "CostCenter": "AI-Research",
              "DeploymentId": "romai-phase2b-26a4a9af",
              "Environment": "production",
              "Monitoring": "Enhanced-CloudWatch",
              "Name": "romai-phase2b-26a4a9af-gpu-subnet-us-west-2c",
              "Owner": "RomAI-DevTeam",
              "Project": "RomAI-Phase2B",
              "Purpose": "GPU-Cluster-150B-Tokens",
              "Type": "GPU-EFA-Optimized"
            },
            "tags_all": {
              "AutoShutdown": "Disabled",
              "Compliance": "Enterprise-AI",
              "CostCenter": "AI-Research",
              "DeploymentId": "romai-phase2b-26a4a9af",
              "Environment": "production",
              "Monitoring": "Enhanced-CloudWatch",
              "Name": "romai-phase2b-26a4a9af-gpu-subnet-us-west-2c",
              "Owner": "RomAI-DevTeam",
              "Project": "RomAI-Phase2B",
              "Purpose": "GPU-Cluster-150B-Tokens",
              "Type": "GPU-EFA-Optimized"
            },
            "timeouts": null,
            "vpc_id": "vpc-0951c091d74c38800"
          },
          "sensitive_attributes": [],
          "identity_schema_version": 0,
          "private": "eyJlMmJmYjczMC1lY2FhLTExZTYtOGY4OC0zNDM2M2JjN2M0YzAiOnsiY3JlYXRlIjo2MDAwMDAwMDAwMDAsImRlbGV0ZSI6MTIwMDAwMDAwMDAwMH0sInNjaGVtYV92ZXJzaW9uIjoiMSJ9",
          "dependencies": [
            "aws_vpc.main",
            "data.aws_availability_zones.available",
            "random_id.deployment"
          ],
          "create_before_destroy": true
        }
      ]
    },
    {
      "mode": "managed",
      "type": "aws_vpc",
      "name": "main",
      "provider": "provider[\"registry.terraform.io/hashicorp/aws\"]",
      "instances": [
        {
          "schema_version": 1,
          "attributes": {
            "arn": "arn:aws:ec2:us-west-2:567877624442:vpc/vpc-0951c091d74c38800",
            "assign_generated_ipv6_cidr_block": false,
            "cidr_block": "10.0.0.0/16",
            "default_network_acl_id": "acl-080db8615c76f3537",
            "default_route_table_id": "rtb-0aac087157eee15c7",
            "default_security_group_id": "sg-099c7926e260f5c65",
            "dhcp_options_id": "dopt-000b2d9c794206a4c",
            "enable_dns_hostnames": true,
            "enable_dns_support": true,
            "enable_network_address_usage_metrics": false,
            "id": "vpc-0951c091d74c38800",
            "instance_tenancy": "default",
            "ipv4_ipam_pool_id": null,
            "ipv4_netmask_length": null,
            "ipv6_association_id": "",
            "ipv6_cidr_block": "",
            "ipv6_cidr_block_network_border_group": "",
            "ipv6_ipam_pool_id": "",
            "ipv6_netmask_length": 0,
            "main_route_table_id": "rtb-0aac087157eee15c7",
            "owner_id": "567877624442",
            "tags": {
              "AutoShutdown": "Disabled",
              "Compliance": "Enterprise-AI",
              "CostCenter": "AI-Research",
              "DeploymentId": "romai-phase2b-26a4a9af",
              "Environment": "production",
              "Monitoring": "Enhanced-CloudWatch",
              "Name": "romai-phase2b-26a4a9af-vpc",
              "Owner": "RomAI-DevTeam",
              "Project": "RomAI-Phase2B",
              "Purpose": "GPU-Cluster-150B-Tokens"
            },
            "tags_all": {
              "AutoShutdown": "Disabled",
              "Compliance": "Enterprise-AI",
              "CostCenter": "AI-Research",
              "DeploymentId": "romai-phase2b-26a4a9af",
              "Environment": "production",
              "Monitoring": "Enhanced-CloudWatch",
              "Name": "romai-phase2b-26a4a9af-vpc",
              "Owner": "RomAI-DevTeam",
              "Project": "RomAI-Phase2B",
              "Purpose": "GPU-Cluster-150B-Tokens"
            }
          },
          "sensitive_attributes": [],
          "identity_schema_version": 0,
          "private": "eyJzY2hlbWFfdmVyc2lvbiI6IjEifQ==",
          "dependencies": [
            "random_id.deployment"
          ],
          "create_before_destroy": true
        },
        {
          "status": "tainted",
          "deposed": "e9bc8f39",
          "schema_version": 1,
          "attributes": {
            "arn": "arn:aws:ec2:us-west-2:567877624442:vpc/vpc-050bef6f8d671e4cf",
            "assign_generated_ipv6_cidr_block": false,
            "cidr_block": "10.0.0.0/16",
            "default_network_acl_id": "acl-03750f58e46298cd2",
            "default_route_table_id": "rtb-04e528f22586dee42",
            "default_security_group_id": "sg-0be9c8b4800c2acc7",
            "dhcp_options_id": "dopt-000b2d9c794206a4c",
            "enable_dns_hostnames": true,
            "enable_dns_support": true,
            "enable_network_address_usage_metrics": false,
            "id": "vpc-050bef6f8d671e4cf",
            "instance_tenancy": "default",
            "ipv4_ipam_pool_id": null,
            "ipv4_netmask_length": null,
            "ipv6_association_id": "",
            "ipv6_cidr_block": "",
            "ipv6_cidr_block_network_border_group": "",
            "ipv6_ipam_pool_id": "",
            "ipv6_netmask_length": 0,
            "main_route_table_id": "rtb-04e528f22586dee42",
            "owner_id": "567877624442",
            "tags": {
              "AutoShutdown": "Disabled",
              "Compliance": "Enterprise-AI",
              "CostCenter": "AI-Research",
              "DeploymentId": "romai-phase2b-26a4a9af",
              "Environment": "production",
              "Monitoring": "Enhanced-CloudWatch",
              "Name": "romai-phase2b-26a4a9af-vpc",
              "Owner": "RomAI-DevTeam",
              "Project": "RomAI-Phase2B",
              "Purpose": "GPU-Cluster-150B-Tokens"
            },
            "tags_all": {
              "AutoShutdown": "Disabled",
              "Compliance": "Enterprise-AI",
              "CostCenter": "AI-Research",
              "DeploymentId": "romai-phase2b-26a4a9af",
              "Environment": "production",
              "Monitoring": "Enhanced-CloudWatch",
              "Name": "romai-phase2b-26a4a9af-vpc",
              "Owner": "RomAI-DevTeam",
              "Project": "RomAI-Phase2B",
              "Purpose": "GPU-Cluster-150B-Tokens"
            }
          },
          "sensitive_attributes": [],
          "identity_schema_version": 0,
          "private": "eyJzY2hlbWFfdmVyc2lvbiI6IjEifQ==",
          "dependencies": [
            "random_id.deployment"
          ],
          "create_before_destroy": true
        },
        {
          "status": "tainted",
          "deposed": "f233a969",
          "schema_version": 1,
          "attributes": {
            "arn": "arn:aws:ec2:us-west-2:567877624442:vpc/vpc-0acba699aa85ab342",
            "assign_generated_ipv6_cidr_block": false,
            "cidr_block": "10.0.0.0/16",
            "default_network_acl_id": "acl-0a8fbf6e031de62f2",
            "default_route_table_id": "rtb-0ba719ae9562f4ca0",
            "default_security_group_id": "sg-0d00d46a0e88fd19f",
            "dhcp_options_id": "dopt-000b2d9c794206a4c",
            "enable_dns_hostnames": true,
            "enable_dns_support": true,
            "enable_network_address_usage_metrics": false,
            "id": "vpc-0acba699aa85ab342",
            "instance_tenancy": "default",
            "ipv4_ipam_pool_id": null,
            "ipv4_netmask_length": null,
            "ipv6_association_id": "",
            "ipv6_cidr_block": "",
            "ipv6_cidr_block_network_border_group": "",
            "ipv6_ipam_pool_id": "",
            "ipv6_netmask_length": 0,
            "main_route_table_id": "rtb-0ba719ae9562f4ca0",
            "owner_id": "567877624442",
            "tags": {
              "AutoShutdown": "Disabled",
              "Compliance": "Enterprise-AI",
              "CostCenter": "AI-Research",
              "DeploymentId": "romai-phase2b-26a4a9af",
              "Environment": "production",
              "Monitoring": "Enhanced-CloudWatch",
              "Name": "romai-phase2b-26a4a9af-vpc",
              "Owner": "RomAI-DevTeam",
              "Project": "RomAI-Phase2B",
              "Purpose": "GPU-Cluster-150B-Tokens"
            },
            "tags_all": {
              "AutoShutdown": "Disabled",
              "Compliance": "Enterprise-AI",
              "CostCenter": "AI-Research",
              "DeploymentId": "romai-phase2b-26a4a9af",
              "Environment": "production",
              "Monitoring": "Enhanced-CloudWatch",
              "Name": "romai-phase2b-26a4a9af-vpc",
              "Owner": "RomAI-DevTeam",
              "Project": "RomAI-Phase2B",
              "Purpose": "GPU-Cluster-150B-Tokens"
            }
          },
          "sensitive_attributes": [],
          "identity_schema_version": 0,
          "private": "eyJzY2hlbWFfdmVyc2lvbiI6IjEifQ==",
          "dependencies": [
            "random_id.deployment"
          ],
          "create_before_destroy": true
        }
      ]
    },
    {
      "mode": "managed",
      "type": "random_id",
      "name": "deployment",
      "provider": "provider[\"registry.terraform.io/hashicorp/random\"]",
      "instances": [
        {
          "schema_version": 0,
          "attributes": {
            "b64_std": "JqSprw==",
            "b64_url": "JqSprw",
            "byte_length": 4,
            "dec": "648325551",
            "hex": "26a4a9af",
            "id": "JqSprw",
            "keepers": null,
            "prefix": null
          },
          "sensitive_attributes": [],
          "identity_schema_version": 0,
          "create_before_destroy": true
        }
      ]
    }
  ],
  "check_results": null
}
