{
  "version": 4,
  "terraform_version": "1.12.2",
  "serial": 26,
  "lineage": "2daca9ca-77b9-0e28-191b-f4058d58c154",
  "outputs": {
    "cluster_name": {
      "value": "codai-cluster",
      "type": "string"
    },
    "load_balancer_dns": {
      "value": "codai-alb-631759409.us-east-1.elb.amazonaws.com",
      "type": "string"
    },
    "vpc_id": {
      "value": "vpc-0e72dfae3415565fd",
      "type": "string"
    }
  },
  "resources": [
    {
      "mode": "managed",
      "type": "aws_cloudwatch_log_group",
      "name": "cbd_database_logs",
      "provider": "provider[\"registry.terraform.io/hashicorp/aws\"]",
      "instances": [
        {
          "schema_version": 0,
          "attributes": {
            "arn": "arn:aws:logs:us-east-1:567877624442:log-group:/ecs/cbd-database",
            "id": "/ecs/cbd-database",
            "kms_key_id": "",
            "log_group_class": "STANDARD",
            "name": "/ecs/cbd-database",
            "name_prefix": "",
            "retention_in_days": 7,
            "skip_destroy": false,
            "tags": null,
            "tags_all": {
              "DeployDate": "2025-08-20",
              "Environment": "production",
              "ManagedBy": "Terraform",
              "Project": "CODAI-Ecosystem",
              "RomAIVersion": "v2.0-logical-reasoning-fix"
            }
          },
          "sensitive_attributes": [],
          "identity_schema_version": 0,
          "private": "bnVsbA=="
        }
      ]
    },
    {
      "mode": "managed",
      "type": "aws_cloudwatch_log_group",
      "name": "enterprise_api_logs",
      "provider": "provider[\"registry.terraform.io/hashicorp/aws\"]",
      "instances": [
        {
          "schema_version": 0,
          "attributes": {
            "arn": "arn:aws:logs:us-east-1:567877624442:log-group:/ecs/romai-enterprise-api",
            "id": "/ecs/romai-enterprise-api",
            "kms_key_id": "",
            "log_group_class": "STANDARD",
            "name": "/ecs/romai-enterprise-api",
            "name_prefix": "",
            "retention_in_days": 7,
            "skip_destroy": false,
            "tags": null,
            "tags_all": {
              "DeployDate": "2025-08-20",
              "Environment": "production",
              "ManagedBy": "Terraform",
              "Project": "CODAI-Ecosystem",
              "RomAIVersion": "v2.0-logical-reasoning-fix"
            }
          },
          "sensitive_attributes": [],
          "identity_schema_version": 0,
          "private": "bnVsbA=="
        }
      ]
    },
    {
      "mode": "managed",
      "type": "aws_cloudwatch_log_group",
      "name": "memorai_mcp_logs",
      "provider": "provider[\"registry.terraform.io/hashicorp/aws\"]",
      "instances": [
        {
          "schema_version": 0,
          "attributes": {
            "arn": "arn:aws:logs:us-east-1:567877624442:log-group:/ecs/memorai-mcp-server",
            "id": "/ecs/memorai-mcp-server",
            "kms_key_id": "",
            "log_group_class": "STANDARD",
            "name": "/ecs/memorai-mcp-server",
            "name_prefix": "",
            "retention_in_days": 7,
            "skip_destroy": false,
            "tags": null,
            "tags_all": {
              "DeployDate": "2025-08-20",
              "Environment": "production",
              "ManagedBy": "Terraform",
              "Project": "CODAI-Ecosystem",
              "RomAIVersion": "v2.0-logical-reasoning-fix"
            }
          },
          "sensitive_attributes": [],
          "identity_schema_version": 0,
          "private": "bnVsbA=="
        }
      ]
    },
    {
      "mode": "managed",
      "type": "aws_cloudwatch_log_group",
      "name": "romai_agi_logs",
      "provider": "provider[\"registry.terraform.io/hashicorp/aws\"]",
      "instances": [
        {
          "schema_version": 0,
          "attributes": {
            "arn": "arn:aws:logs:us-east-1:567877624442:log-group:/ecs/romai-agi-server",
            "id": "/ecs/romai-agi-server",
            "kms_key_id": "",
            "log_group_class": "STANDARD",
            "name": "/ecs/romai-agi-server",
            "name_prefix": "",
            "retention_in_days": 7,
            "skip_destroy": false,
            "tags": null,
            "tags_all": {
              "DeployDate": "2025-08-20",
              "Environment": "production",
              "ManagedBy": "Terraform",
              "Project": "CODAI-Ecosystem",
              "RomAIVersion": "v2.0-logical-reasoning-fix"
            }
          },
          "sensitive_attributes": [],
          "identity_schema_version": 0,
          "private": "bnVsbA=="
        }
      ]
    },
    {
      "mode": "managed",
      "type": "aws_ecs_cluster",
      "name": "codai_cluster",
      "provider": "provider[\"registry.terraform.io/hashicorp/aws\"]",
      "instances": [
        {
          "schema_version": 0,
          "attributes": {
            "arn": "arn:aws:ecs:us-east-1:567877624442:cluster/codai-cluster",
            "configuration": [],
            "id": "arn:aws:ecs:us-east-1:567877624442:cluster/codai-cluster",
            "name": "codai-cluster",
            "service_connect_defaults": [],
            "setting": [
              {
                "name": "containerInsights",
                "value": "enabled"
              }
            ],
            "tags": {
              "Name": "codai-cluster"
            },
            "tags_all": {
              "DeployDate": "2025-08-20",
              "Environment": "production",
              "ManagedBy": "Terraform",
              "Name": "codai-cluster",
              "Project": "CODAI-Ecosystem",
              "RomAIVersion": "v2.0-logical-reasoning-fix"
            }
          },
          "sensitive_attributes": [],
          "identity_schema_version": 0,
          "private": "bnVsbA=="
        }
      ]
    },
    {
      "mode": "managed",
      "type": "aws_ecs_service",
      "name": "cbd_database_service",
      "provider": "provider[\"registry.terraform.io/hashicorp/aws\"]",
      "instances": [
        {
          "schema_version": 1,
          "attributes": {
            "alarms": [],
            "availability_zone_rebalancing": "DISABLED",
            "capacity_provider_strategy": [],
            "cluster": "arn:aws:ecs:us-east-1:567877624442:cluster/codai-cluster",
            "deployment_circuit_breaker": [
              {
                "enable": false,
                "rollback": false
              }
            ],
            "deployment_controller": [
              {
                "type": "ECS"
              }
            ],
            "deployment_maximum_percent": 200,
            "deployment_minimum_healthy_percent": 100,
            "desired_count": 1,
            "enable_ecs_managed_tags": false,
            "enable_execute_command": false,
            "force_delete": null,
            "force_new_deployment": null,
            "health_check_grace_period_seconds": 0,
            "iam_role": "/aws-service-role/ecs.amazonaws.com/AWSServiceRoleForECS",
            "id": "arn:aws:ecs:us-east-1:567877624442:service/codai-cluster/cbd-database-service",
            "launch_type": "FARGATE",
            "load_balancer": [],
            "name": "cbd-database-service",
            "network_configuration": [
              {
                "assign_public_ip": true,
                "security_groups": [
                  "sg-06a2f53255d8063db"
                ],
                "subnets": [
                  "subnet-015f68b8b04dea176",
                  "subnet-0a474dfdaad322518"
                ]
              }
            ],
            "ordered_placement_strategy": [],
            "placement_constraints": [],
            "platform_version": "LATEST",
            "propagate_tags": "NONE",
            "scheduling_strategy": "REPLICA",
            "service_connect_configuration": [],
            "service_registries": [],
            "tags": null,
            "tags_all": {
              "DeployDate": "2025-08-20",
              "Environment": "production",
              "ManagedBy": "Terraform",
              "Project": "CODAI-Ecosystem",
              "RomAIVersion": "v2.0-logical-reasoning-fix"
            },
            "task_definition": "arn:aws:ecs:us-east-1:567877624442:task-definition/cbd-database:1",
            "timeouts": null,
            "triggers": {},
            "volume_configuration": [],
            "vpc_lattice_configurations": [],
            "wait_for_steady_state": false
          },
          "sensitive_attributes": [],
          "identity_schema_version": 0,
          "private": "eyJlMmJmYjczMC1lY2FhLTExZTYtOGY4OC0zNDM2M2JjN2M0YzAiOnsiY3JlYXRlIjoxMjAwMDAwMDAwMDAwLCJkZWxldGUiOjEyMDAwMDAwMDAwMDAsInVwZGF0ZSI6MTIwMDAwMDAwMDAwMH0sInNjaGVtYV92ZXJzaW9uIjoiMSJ9",
          "dependencies": [
            "aws_cloudwatch_log_group.cbd_database_logs",
            "aws_ecs_cluster.codai_cluster",
            "aws_ecs_task_definition.cbd_database",
            "aws_iam_role.ecs_task_execution_role",
            "aws_security_group.alb_sg",
            "aws_security_group.ecs_sg",
            "aws_subnet.public_subnet_1",
            "aws_subnet.public_subnet_2",
            "aws_vpc.codai_vpc"
          ]
        }
      ]
    },
    {
      "mode": "managed",
      "type": "aws_ecs_service",
      "name": "memorai_mcp_service",
      "provider": "provider[\"registry.terraform.io/hashicorp/aws\"]",
      "instances": [
        {
          "schema_version": 1,
          "attributes": {
            "alarms": [],
            "availability_zone_rebalancing": "DISABLED",
            "capacity_provider_strategy": [],
            "cluster": "arn:aws:ecs:us-east-1:567877624442:cluster/codai-cluster",
            "deployment_circuit_breaker": [
              {
                "enable": false,
                "rollback": false
              }
            ],
            "deployment_controller": [
              {
                "type": "ECS"
              }
            ],
            "deployment_maximum_percent": 200,
            "deployment_minimum_healthy_percent": 100,
            "desired_count": 1,
            "enable_ecs_managed_tags": false,
            "enable_execute_command": false,
            "force_delete": null,
            "force_new_deployment": null,
            "health_check_grace_period_seconds": 0,
            "iam_role": "/aws-service-role/ecs.amazonaws.com/AWSServiceRoleForECS",
            "id": "arn:aws:ecs:us-east-1:567877624442:service/codai-cluster/memorai-mcp-service",
            "launch_type": "FARGATE",
            "load_balancer": [],
            "name": "memorai-mcp-service",
            "network_configuration": [
              {
                "assign_public_ip": true,
                "security_groups": [
                  "sg-06a2f53255d8063db"
                ],
                "subnets": [
                  "subnet-015f68b8b04dea176",
                  "subnet-0a474dfdaad322518"
                ]
              }
            ],
            "ordered_placement_strategy": [],
            "placement_constraints": [],
            "platform_version": "LATEST",
            "propagate_tags": "NONE",
            "scheduling_strategy": "REPLICA",
            "service_connect_configuration": [],
            "service_registries": [],
            "tags": null,
            "tags_all": {
              "DeployDate": "2025-08-20",
              "Environment": "production",
              "ManagedBy": "Terraform",
              "Project": "CODAI-Ecosystem",
              "RomAIVersion": "v2.0-logical-reasoning-fix"
            },
            "task_definition": "arn:aws:ecs:us-east-1:567877624442:task-definition/memorai-mcp-server:1",
            "timeouts": null,
            "triggers": {},
            "volume_configuration": [],
            "vpc_lattice_configurations": [],
            "wait_for_steady_state": false
          },
          "sensitive_attributes": [],
          "identity_schema_version": 0,
          "private": "eyJlMmJmYjczMC1lY2FhLTExZTYtOGY4OC0zNDM2M2JjN2M0YzAiOnsiY3JlYXRlIjoxMjAwMDAwMDAwMDAwLCJkZWxldGUiOjEyMDAwMDAwMDAwMDAsInVwZGF0ZSI6MTIwMDAwMDAwMDAwMH0sInNjaGVtYV92ZXJzaW9uIjoiMSJ9",
          "dependencies": [
            "aws_cloudwatch_log_group.memorai_mcp_logs",
            "aws_ecs_cluster.codai_cluster",
            "aws_ecs_task_definition.memorai_mcp_server",
            "aws_iam_role.ecs_task_execution_role",
            "aws_security_group.alb_sg",
            "aws_security_group.ecs_sg",
            "aws_subnet.public_subnet_1",
            "aws_subnet.public_subnet_2",
            "aws_vpc.codai_vpc"
          ]
        }
      ]
    },
    {
      "mode": "managed",
      "type": "aws_ecs_service",
      "name": "romai_agi_service",
      "provider": "provider[\"registry.terraform.io/hashicorp/aws\"]",
      "instances": [
        {
          "schema_version": 1,
          "attributes": {
            "alarms": [],
            "availability_zone_rebalancing": "DISABLED",
            "capacity_provider_strategy": [],
            "cluster": "arn:aws:ecs:us-east-1:567877624442:cluster/codai-cluster",
            "deployment_circuit_breaker": [
              {
                "enable": false,
                "rollback": false
              }
            ],
            "deployment_controller": [
              {
                "type": "ECS"
              }
            ],
            "deployment_maximum_percent": 200,
            "deployment_minimum_healthy_percent": 100,
            "desired_count": 2,
            "enable_ecs_managed_tags": false,
            "enable_execute_command": false,
            "force_delete": null,
            "force_new_deployment": null,
            "health_check_grace_period_seconds": 0,
            "iam_role": "/aws-service-role/ecs.amazonaws.com/AWSServiceRoleForECS",
            "id": "arn:aws:ecs:us-east-1:567877624442:service/codai-cluster/romai-agi-service",
            "launch_type": "FARGATE",
            "load_balancer": [],
            "name": "romai-agi-service",
            "network_configuration": [
              {
                "assign_public_ip": true,
                "security_groups": [
                  "sg-06a2f53255d8063db"
                ],
                "subnets": [
                  "subnet-015f68b8b04dea176",
                  "subnet-0a474dfdaad322518"
                ]
              }
            ],
            "ordered_placement_strategy": [],
            "placement_constraints": [],
            "platform_version": "LATEST",
            "propagate_tags": "NONE",
            "scheduling_strategy": "REPLICA",
            "service_connect_configuration": [],
            "service_registries": [],
            "tags": {
              "Component": "AGI-Model-Server",
              "Name": "RomAI-AGI-Service"
            },
            "tags_all": {
              "Component": "AGI-Model-Server",
              "DeployDate": "2025-08-20",
              "Environment": "production",
              "ManagedBy": "Terraform",
              "Name": "RomAI-AGI-Service",
              "Project": "CODAI-Ecosystem",
              "RomAIVersion": "v2.0-logical-reasoning-fix"
            },
            "task_definition": "arn:aws:ecs:us-east-1:567877624442:task-definition/romai-agi-server:1",
            "timeouts": null,
            "triggers": {},
            "volume_configuration": [],
            "vpc_lattice_configurations": [],
            "wait_for_steady_state": false
          },
          "sensitive_attributes": [],
          "identity_schema_version": 0,
          "private": "eyJlMmJmYjczMC1lY2FhLTExZTYtOGY4OC0zNDM2M2JjN2M0YzAiOnsiY3JlYXRlIjoxMjAwMDAwMDAwMDAwLCJkZWxldGUiOjEyMDAwMDAwMDAwMDAsInVwZGF0ZSI6MTIwMDAwMDAwMDAwMH0sInNjaGVtYV92ZXJzaW9uIjoiMSJ9",
          "dependencies": [
            "aws_cloudwatch_log_group.romai_agi_logs",
            "aws_ecs_cluster.codai_cluster",
            "aws_ecs_task_definition.romai_agi_server",
            "aws_iam_role.ecs_task_execution_role",
            "aws_security_group.alb_sg",
            "aws_security_group.ecs_sg",
            "aws_subnet.public_subnet_1",
            "aws_subnet.public_subnet_2",
            "aws_vpc.codai_vpc"
          ]
        }
      ]
    },
    {
      "mode": "managed",
      "type": "aws_ecs_service",
      "name": "romai_enterprise_service",
      "provider": "provider[\"registry.terraform.io/hashicorp/aws\"]",
      "instances": [
        {
          "schema_version": 1,
          "attributes": {
            "alarms": [],
            "availability_zone_rebalancing": "DISABLED",
            "capacity_provider_strategy": [],
            "cluster": "arn:aws:ecs:us-east-1:567877624442:cluster/codai-cluster",
            "deployment_circuit_breaker": [
              {
                "enable": false,
                "rollback": false
              }
            ],
            "deployment_controller": [
              {
                "type": "ECS"
              }
            ],
            "deployment_maximum_percent": 200,
            "deployment_minimum_healthy_percent": 100,
            "desired_count": 1,
            "enable_ecs_managed_tags": false,
            "enable_execute_command": false,
            "force_delete": null,
            "force_new_deployment": null,
            "health_check_grace_period_seconds": 0,
            "iam_role": "/aws-service-role/ecs.amazonaws.com/AWSServiceRoleForECS",
            "id": "arn:aws:ecs:us-east-1:567877624442:service/codai-cluster/romai-enterprise-service",
            "launch_type": "FARGATE",
            "load_balancer": [],
            "name": "romai-enterprise-service",
            "network_configuration": [
              {
                "assign_public_ip": true,
                "security_groups": [
                  "sg-06a2f53255d8063db"
                ],
                "subnets": [
                  "subnet-015f68b8b04dea176",
                  "subnet-0a474dfdaad322518"
                ]
              }
            ],
            "ordered_placement_strategy": [],
            "placement_constraints": [],
            "platform_version": "LATEST",
            "propagate_tags": "NONE",
            "scheduling_strategy": "REPLICA",
            "service_connect_configuration": [],
            "service_registries": [],
            "tags": null,
            "tags_all": {
              "DeployDate": "2025-08-20",
              "Environment": "production",
              "ManagedBy": "Terraform",
              "Project": "CODAI-Ecosystem",
              "RomAIVersion": "v2.0-logical-reasoning-fix"
            },
            "task_definition": "arn:aws:ecs:us-east-1:567877624442:task-definition/romai-enterprise-api:1",
            "timeouts": null,
            "triggers": {},
            "volume_configuration": [],
            "vpc_lattice_configurations": [],
            "wait_for_steady_state": false
          },
          "sensitive_attributes": [],
          "identity_schema_version": 0,
          "private": "eyJlMmJmYjczMC1lY2FhLTExZTYtOGY4OC0zNDM2M2JjN2M0YzAiOnsiY3JlYXRlIjoxMjAwMDAwMDAwMDAwLCJkZWxldGUiOjEyMDAwMDAwMDAwMDAsInVwZGF0ZSI6MTIwMDAwMDAwMDAwMH0sInNjaGVtYV92ZXJzaW9uIjoiMSJ9",
          "dependencies": [
            "aws_cloudwatch_log_group.enterprise_api_logs",
            "aws_ecs_cluster.codai_cluster",
            "aws_ecs_task_definition.romai_enterprise_api",
            "aws_iam_role.ecs_task_execution_role",
            "aws_security_group.alb_sg",
            "aws_security_group.ecs_sg",
            "aws_subnet.public_subnet_1",
            "aws_subnet.public_subnet_2",
            "aws_vpc.codai_vpc"
          ]
        }
      ]
    },
    {
      "mode": "managed",
      "type": "aws_ecs_task_definition",
      "name": "cbd_database",
      "provider": "provider[\"registry.terraform.io/hashicorp/aws\"]",
      "instances": [
        {
          "schema_version": 1,
          "attributes": {
            "arn": "arn:aws:ecs:us-east-1:567877624442:task-definition/cbd-database:1",
            "arn_without_revision": "arn:aws:ecs:us-east-1:567877624442:task-definition/cbd-database",
            "container_definitions": "[{\"environment\":[],\"essential\":true,\"image\":\"codai/cbd-database:v1.0.10\",\"logConfiguration\":{\"logDriver\":\"awslogs\",\"options\":{\"awslogs-group\":\"/ecs/cbd-database\",\"awslogs-region\":\"us-east-1\",\"awslogs-stream-prefix\":\"ecs\"}},\"mountPoints\":[],\"name\":\"cbd-database\",\"portMappings\":[{\"containerPort\":4180,\"hostPort\":4180,\"protocol\":\"tcp\"}],\"systemControls\":[],\"volumesFrom\":[]}]",
            "cpu": "256",
            "enable_fault_injection": false,
            "ephemeral_storage": [],
            "execution_role_arn": "arn:aws:iam::567877624442:role/codai-ecs-task-execution-role",
            "family": "cbd-database",
            "id": "cbd-database",
            "inference_accelerator": [],
            "ipc_mode": "",
            "memory": "512",
            "network_mode": "awsvpc",
            "pid_mode": "",
            "placement_constraints": [],
            "proxy_configuration": [],
            "requires_compatibilities": [
              "FARGATE"
            ],
            "revision": 1,
            "runtime_platform": [],
            "skip_destroy": false,
            "tags": null,
            "tags_all": {
              "DeployDate": "2025-08-20",
              "Environment": "production",
              "ManagedBy": "Terraform",
              "Project": "CODAI-Ecosystem",
              "RomAIVersion": "v2.0-logical-reasoning-fix"
            },
            "task_role_arn": "",
            "track_latest": false,
            "volume": []
          },
          "sensitive_attributes": [],
          "identity_schema_version": 0,
          "private": "eyJzY2hlbWFfdmVyc2lvbiI6IjEifQ==",
          "dependencies": [
            "aws_cloudwatch_log_group.cbd_database_logs",
            "aws_iam_role.ecs_task_execution_role"
          ]
        }
      ]
    },
    {
      "mode": "managed",
      "type": "aws_ecs_task_definition",
      "name": "memorai_mcp_server",
      "provider": "provider[\"registry.terraform.io/hashicorp/aws\"]",
      "instances": [
        {
          "schema_version": 1,
          "attributes": {
            "arn": "arn:aws:ecs:us-east-1:567877624442:task-definition/memorai-mcp-server:1",
            "arn_without_revision": "arn:aws:ecs:us-east-1:567877624442:task-definition/memorai-mcp-server",
            "container_definitions": "[{\"environment\":[{\"name\":\"ENABLE_VECTOR_SEARCH\",\"value\":\"true\"},{\"name\":\"MEMORAI_MCP_PORT\",\"value\":\"4950\"},{\"name\":\"NODE_ENV\",\"value\":\"production\"}],\"essential\":true,\"image\":\"codai/memorai-mcp-server:v9.9.0-microsoft-compliant\",\"logConfiguration\":{\"logDriver\":\"awslogs\",\"options\":{\"awslogs-group\":\"/ecs/memorai-mcp-server\",\"awslogs-region\":\"us-east-1\",\"awslogs-stream-prefix\":\"ecs\"}},\"mountPoints\":[],\"name\":\"memorai-mcp-server\",\"portMappings\":[{\"containerPort\":4950,\"hostPort\":4950,\"protocol\":\"tcp\"}],\"systemControls\":[],\"volumesFrom\":[]}]",
            "cpu": "512",
            "enable_fault_injection": false,
            "ephemeral_storage": [],
            "execution_role_arn": "arn:aws:iam::567877624442:role/codai-ecs-task-execution-role",
            "family": "memorai-mcp-server",
            "id": "memorai-mcp-server",
            "inference_accelerator": [],
            "ipc_mode": "",
            "memory": "1024",
            "network_mode": "awsvpc",
            "pid_mode": "",
            "placement_constraints": [],
            "proxy_configuration": [],
            "requires_compatibilities": [
              "FARGATE"
            ],
            "revision": 1,
            "runtime_platform": [],
            "skip_destroy": false,
            "tags": null,
            "tags_all": {
              "DeployDate": "2025-08-20",
              "Environment": "production",
              "ManagedBy": "Terraform",
              "Project": "CODAI-Ecosystem",
              "RomAIVersion": "v2.0-logical-reasoning-fix"
            },
            "task_role_arn": "",
            "track_latest": false,
            "volume": []
          },
          "sensitive_attributes": [],
          "identity_schema_version": 0,
          "private": "eyJzY2hlbWFfdmVyc2lvbiI6IjEifQ==",
          "dependencies": [
            "aws_cloudwatch_log_group.memorai_mcp_logs",
            "aws_iam_role.ecs_task_execution_role"
          ]
        }
      ]
    },
    {
      "mode": "managed",
      "type": "aws_ecs_task_definition",
      "name": "romai_agi_server",
      "provider": "provider[\"registry.terraform.io/hashicorp/aws\"]",
      "instances": [
        {
          "schema_version": 1,
          "attributes": {
            "arn": "arn:aws:ecs:us-east-1:567877624442:task-definition/romai-agi-server:1",
            "arn_without_revision": "arn:aws:ecs:us-east-1:567877624442:task-definition/romai-agi-server",
            "container_definitions": "[{\"environment\":[{\"name\":\"NODE_ENV\",\"value\":\"production\"},{\"name\":\"PORT\",\"value\":\"6101\"},{\"name\":\"ROMAI_LOG_LEVEL\",\"value\":\"INFO\"}],\"essential\":true,\"healthCheck\":{\"command\":[\"CMD-SHELL\",\"curl -f http://localhost:6101/health || exit 1\"],\"interval\":30,\"retries\":3,\"startPeriod\":60,\"timeout\":5},\"image\":\"codai/romai-agi-server:v2.0-logical-reasoning-fix\",\"logConfiguration\":{\"logDriver\":\"awslogs\",\"options\":{\"awslogs-group\":\"/ecs/romai-agi-server\",\"awslogs-region\":\"us-east-1\",\"awslogs-stream-prefix\":\"ecs\"}},\"mountPoints\":[],\"name\":\"romai-agi-server\",\"portMappings\":[{\"containerPort\":6101,\"hostPort\":6101,\"protocol\":\"tcp\"}],\"systemControls\":[],\"volumesFrom\":[]}]",
            "cpu": "1024",
            "enable_fault_injection": false,
            "ephemeral_storage": [],
            "execution_role_arn": "arn:aws:iam::567877624442:role/codai-ecs-task-execution-role",
            "family": "romai-agi-server",
            "id": "romai-agi-server",
            "inference_accelerator": [],
            "ipc_mode": "",
            "memory": "2048",
            "network_mode": "awsvpc",
            "pid_mode": "",
            "placement_constraints": [],
            "proxy_configuration": [],
            "requires_compatibilities": [
              "FARGATE"
            ],
            "revision": 1,
            "runtime_platform": [],
            "skip_destroy": false,
            "tags": null,
            "tags_all": {
              "DeployDate": "2025-08-20",
              "Environment": "production",
              "ManagedBy": "Terraform",
              "Project": "CODAI-Ecosystem",
              "RomAIVersion": "v2.0-logical-reasoning-fix"
            },
            "task_role_arn": "",
            "track_latest": false,
            "volume": []
          },
          "sensitive_attributes": [],
          "identity_schema_version": 0,
          "private": "eyJzY2hlbWFfdmVyc2lvbiI6IjEifQ==",
          "dependencies": [
            "aws_cloudwatch_log_group.romai_agi_logs",
            "aws_iam_role.ecs_task_execution_role"
          ]
        }
      ]
    },
    {
      "mode": "managed",
      "type": "aws_ecs_task_definition",
      "name": "romai_enterprise_api",
      "provider": "provider[\"registry.terraform.io/hashicorp/aws\"]",
      "instances": [
        {
          "schema_version": 1,
          "attributes": {
            "arn": "arn:aws:ecs:us-east-1:567877624442:task-definition/romai-enterprise-api:1",
            "arn_without_revision": "arn:aws:ecs:us-east-1:567877624442:task-definition/romai-enterprise-api",
            "container_definitions": "[{\"environment\":[{\"name\":\"COMPLIANCE_MODE\",\"value\":\"eu_ai_act\"},{\"name\":\"ENTERPRISE_API_PORT\",\"value\":\"8001\"}],\"essential\":true,\"image\":\"codai/romai-enterprise-api:latest\",\"logConfiguration\":{\"logDriver\":\"awslogs\",\"options\":{\"awslogs-group\":\"/ecs/romai-enterprise-api\",\"awslogs-region\":\"us-east-1\",\"awslogs-stream-prefix\":\"ecs\"}},\"mountPoints\":[],\"name\":\"romai-enterprise-api\",\"portMappings\":[{\"containerPort\":8001,\"hostPort\":8001,\"protocol\":\"tcp\"}],\"systemControls\":[],\"volumesFrom\":[]}]",
            "cpu": "512",
            "enable_fault_injection": false,
            "ephemeral_storage": [],
            "execution_role_arn": "arn:aws:iam::567877624442:role/codai-ecs-task-execution-role",
            "family": "romai-enterprise-api",
            "id": "romai-enterprise-api",
            "inference_accelerator": [],
            "ipc_mode": "",
            "memory": "1024",
            "network_mode": "awsvpc",
            "pid_mode": "",
            "placement_constraints": [],
            "proxy_configuration": [],
            "requires_compatibilities": [
              "FARGATE"
            ],
            "revision": 1,
            "runtime_platform": [],
            "skip_destroy": false,
            "tags": null,
            "tags_all": {
              "DeployDate": "2025-08-20",
              "Environment": "production",
              "ManagedBy": "Terraform",
              "Project": "CODAI-Ecosystem",
              "RomAIVersion": "v2.0-logical-reasoning-fix"
            },
            "task_role_arn": "",
            "track_latest": false,
            "volume": []
          },
          "sensitive_attributes": [],
          "identity_schema_version": 0,
          "private": "eyJzY2hlbWFfdmVyc2lvbiI6IjEifQ==",
          "dependencies": [
            "aws_cloudwatch_log_group.enterprise_api_logs",
            "aws_iam_role.ecs_task_execution_role"
          ]
        }
      ]
    },
    {
      "mode": "managed",
      "type": "aws_iam_role",
      "name": "ecs_task_execution_role",
      "provider": "provider[\"registry.terraform.io/hashicorp/aws\"]",
      "instances": [
        {
          "schema_version": 0,
          "attributes": {
            "arn": "arn:aws:iam::567877624442:role/codai-ecs-task-execution-role",
            "assume_role_policy": "{\"Statement\":[{\"Action\":\"sts:AssumeRole\",\"Effect\":\"Allow\",\"Principal\":{\"Service\":\"ecs-tasks.amazonaws.com\"}}],\"Version\":\"2012-10-17\"}",
            "create_date": "2025-08-20T13:09:29Z",
            "description": "",
            "force_detach_policies": false,
            "id": "codai-ecs-task-execution-role",
            "inline_policy": [],
            "managed_policy_arns": [],
            "max_session_duration": 3600,
            "name": "codai-ecs-task-execution-role",
            "name_prefix": "",
            "path": "/",
            "permissions_boundary": "",
            "tags": null,
            "tags_all": {
              "DeployDate": "2025-08-20",
              "Environment": "production",
              "ManagedBy": "Terraform",
              "Project": "CODAI-Ecosystem",
              "RomAIVersion": "v2.0-logical-reasoning-fix"
            },
            "unique_id": "AROAYIOBE4J5EYXNONCBO"
          },
          "sensitive_attributes": [],
          "identity_schema_version": 0,
          "private": "bnVsbA=="
        }
      ]
    },
    {
      "mode": "managed",
      "type": "aws_iam_role_policy_attachment",
      "name": "ecs_task_execution_role_policy",
      "provider": "provider[\"registry.terraform.io/hashicorp/aws\"]",
      "instances": [
        {
          "schema_version": 0,
          "attributes": {
            "id": "codai-ecs-task-execution-role-20250820130926513800000001",
            "policy_arn": "arn:aws:iam::aws:policy/service-role/AmazonECSTaskExecutionRolePolicy",
            "role": "codai-ecs-task-execution-role"
          },
          "sensitive_attributes": [],
          "identity_schema_version": 0,
          "private": "bnVsbA==",
          "dependencies": [
            "aws_iam_role.ecs_task_execution_role"
          ]
        }
      ]
    },
    {
      "mode": "managed",
      "type": "aws_internet_gateway",
      "name": "codai_igw",
      "provider": "provider[\"registry.terraform.io/hashicorp/aws\"]",
      "instances": [
        {
          "schema_version": 0,
          "attributes": {
            "arn": "arn:aws:ec2:us-east-1:567877624442:internet-gateway/igw-0f419478b0c4fb448",
            "id": "igw-0f419478b0c4fb448",
            "owner_id": "567877624442",
            "tags": {
              "Name": "codai-igw"
            },
            "tags_all": {
              "DeployDate": "2025-08-20",
              "Environment": "production",
              "ManagedBy": "Terraform",
              "Name": "codai-igw",
              "Project": "CODAI-Ecosystem",
              "RomAIVersion": "v2.0-logical-reasoning-fix"
            },
            "timeouts": null,
            "vpc_id": "vpc-0e72dfae3415565fd"
          },
          "sensitive_attributes": [],
          "identity_schema_version": 0,
          "private": "eyJlMmJmYjczMC1lY2FhLTExZTYtOGY4OC0zNDM2M2JjN2M0YzAiOnsiY3JlYXRlIjoxMjAwMDAwMDAwMDAwLCJkZWxldGUiOjEyMDAwMDAwMDAwMDAsInVwZGF0ZSI6MTIwMDAwMDAwMDAwMH19",
          "dependencies": [
            "aws_vpc.codai_vpc"
          ]
        }
      ]
    },
    {
      "mode": "managed",
      "type": "aws_lb",
      "name": "codai_alb",
      "provider": "provider[\"registry.terraform.io/hashicorp/aws\"]",
      "instances": [
        {
          "schema_version": 0,
          "attributes": {
            "access_logs": [
              {
                "bucket": "",
                "enabled": false,
                "prefix": ""
              }
            ],
            "arn": "arn:aws:elasticloadbalancing:us-east-1:567877624442:loadbalancer/app/codai-alb/720015f43778a007",
            "arn_suffix": "app/codai-alb/720015f43778a007",
            "client_keep_alive": 3600,
            "connection_logs": [
              {
                "bucket": "",
                "enabled": false,
                "prefix": ""
              }
            ],
            "customer_owned_ipv4_pool": "",
            "desync_mitigation_mode": "defensive",
            "dns_name": "codai-alb-631759409.us-east-1.elb.amazonaws.com",
            "dns_record_client_routing_policy": null,
            "drop_invalid_header_fields": false,
            "enable_cross_zone_load_balancing": true,
            "enable_deletion_protection": false,
            "enable_http2": true,
            "enable_tls_version_and_cipher_suite_headers": false,
            "enable_waf_fail_open": false,
            "enable_xff_client_port": false,
            "enable_zonal_shift": false,
            "enforce_security_group_inbound_rules_on_private_link_traffic": "",
            "id": "arn:aws:elasticloadbalancing:us-east-1:567877624442:loadbalancer/app/codai-alb/720015f43778a007",
            "idle_timeout": 60,
            "internal": false,
            "ip_address_type": "ipv4",
            "ipam_pools": [],
            "load_balancer_type": "application",
            "minimum_load_balancer_capacity": [],
            "name": "codai-alb",
            "name_prefix": "",
            "preserve_host_header": false,
            "security_groups": [
              "sg-001faabfcece43a70"
            ],
            "subnet_mapping": [
              {
                "allocation_id": "",
                "ipv6_address": "",
                "outpost_id": "",
                "private_ipv4_address": "",
                "subnet_id": "subnet-015f68b8b04dea176"
              },
              {
                "allocation_id": "",
                "ipv6_address": "",
                "outpost_id": "",
                "private_ipv4_address": "",
                "subnet_id": "subnet-0a474dfdaad322518"
              }
            ],
            "subnets": [
              "subnet-015f68b8b04dea176",
              "subnet-0a474dfdaad322518"
            ],
            "tags": {
              "Name": "codai-alb"
            },
            "tags_all": {
              "DeployDate": "2025-08-20",
              "Environment": "production",
              "ManagedBy": "Terraform",
              "Name": "codai-alb",
              "Project": "CODAI-Ecosystem",
              "RomAIVersion": "v2.0-logical-reasoning-fix"
            },
            "timeouts": null,
            "vpc_id": "vpc-0e72dfae3415565fd",
            "xff_header_processing_mode": "append",
            "zone_id": "Z35SXDOTRQ7X7K"
          },
          "sensitive_attributes": [],
          "identity_schema_version": 0,
          "private": "eyJlMmJmYjczMC1lY2FhLTExZTYtOGY4OC0zNDM2M2JjN2M0YzAiOnsiY3JlYXRlIjo2MDAwMDAwMDAwMDAsImRlbGV0ZSI6NjAwMDAwMDAwMDAwLCJ1cGRhdGUiOjYwMDAwMDAwMDAwMH19",
          "dependencies": [
            "aws_security_group.alb_sg",
            "aws_subnet.public_subnet_1",
            "aws_subnet.public_subnet_2",
            "aws_vpc.codai_vpc"
          ]
        }
      ]
    },
    {
      "mode": "managed",
      "type": "aws_route_table",
      "name": "public_rt",
      "provider": "provider[\"registry.terraform.io/hashicorp/aws\"]",
      "instances": [
        {
          "schema_version": 0,
          "attributes": {
            "arn": "arn:aws:ec2:us-east-1:567877624442:route-table/rtb-0f3a42c7b5b66813d",
            "id": "rtb-0f3a42c7b5b66813d",
            "owner_id": "567877624442",
            "propagating_vgws": [],
            "route": [
              {
                "carrier_gateway_id": "",
                "cidr_block": "0.0.0.0/0",
                "core_network_arn": "",
                "destination_prefix_list_id": "",
                "egress_only_gateway_id": "",
                "gateway_id": "igw-0f419478b0c4fb448",
                "ipv6_cidr_block": "",
                "local_gateway_id": "",
                "nat_gateway_id": "",
                "network_interface_id": "",
                "transit_gateway_id": "",
                "vpc_endpoint_id": "",
                "vpc_peering_connection_id": ""
              }
            ],
            "tags": {
              "Name": "codai-public-rt"
            },
            "tags_all": {
              "DeployDate": "2025-08-20",
              "Environment": "production",
              "ManagedBy": "Terraform",
              "Name": "codai-public-rt",
              "Project": "CODAI-Ecosystem",
              "RomAIVersion": "v2.0-logical-reasoning-fix"
            },
            "timeouts": null,
            "vpc_id": "vpc-0e72dfae3415565fd"
          },
          "sensitive_attributes": [],
          "identity_schema_version": 0,
          "private": "eyJlMmJmYjczMC1lY2FhLTExZTYtOGY4OC0zNDM2M2JjN2M0YzAiOnsiY3JlYXRlIjozMDAwMDAwMDAwMDAsImRlbGV0ZSI6MzAwMDAwMDAwMDAwLCJ1cGRhdGUiOjEyMDAwMDAwMDAwMH19",
          "dependencies": [
            "aws_internet_gateway.codai_igw",
            "aws_vpc.codai_vpc"
          ]
        }
      ]
    },
    {
      "mode": "managed",
      "type": "aws_route_table_association",
      "name": "public_rta_1",
      "provider": "provider[\"registry.terraform.io/hashicorp/aws\"]",
      "instances": [
        {
          "schema_version": 0,
          "attributes": {
            "gateway_id": "",
            "id": "rtbassoc-083588bab66bd3ed2",
            "route_table_id": "rtb-0f3a42c7b5b66813d",
            "subnet_id": "subnet-015f68b8b04dea176",
            "timeouts": null
          },
          "sensitive_attributes": [],
          "identity_schema_version": 0,
          "private": "eyJlMmJmYjczMC1lY2FhLTExZTYtOGY4OC0zNDM2M2JjN2M0YzAiOnsiY3JlYXRlIjozMDAwMDAwMDAwMDAsImRlbGV0ZSI6MzAwMDAwMDAwMDAwLCJ1cGRhdGUiOjEyMDAwMDAwMDAwMH19",
          "dependencies": [
            "aws_internet_gateway.codai_igw",
            "aws_route_table.public_rt",
            "aws_subnet.public_subnet_1",
            "aws_vpc.codai_vpc"
          ]
        }
      ]
    },
    {
      "mode": "managed",
      "type": "aws_route_table_association",
      "name": "public_rta_2",
      "provider": "provider[\"registry.terraform.io/hashicorp/aws\"]",
      "instances": [
        {
          "schema_version": 0,
          "attributes": {
            "gateway_id": "",
            "id": "rtbassoc-025ed67ea7cc59177",
            "route_table_id": "rtb-0f3a42c7b5b66813d",
            "subnet_id": "subnet-0a474dfdaad322518",
            "timeouts": null
          },
          "sensitive_attributes": [],
          "identity_schema_version": 0,
          "private": "eyJlMmJmYjczMC1lY2FhLTExZTYtOGY4OC0zNDM2M2JjN2M0YzAiOnsiY3JlYXRlIjozMDAwMDAwMDAwMDAsImRlbGV0ZSI6MzAwMDAwMDAwMDAwLCJ1cGRhdGUiOjEyMDAwMDAwMDAwMH19",
          "dependencies": [
            "aws_internet_gateway.codai_igw",
            "aws_route_table.public_rt",
            "aws_subnet.public_subnet_2",
            "aws_vpc.codai_vpc"
          ]
        }
      ]
    },
    {
      "mode": "managed",
      "type": "aws_security_group",
      "name": "alb_sg",
      "provider": "provider[\"registry.terraform.io/hashicorp/aws\"]",
      "instances": [
        {
          "schema_version": 1,
          "attributes": {
            "arn": "arn:aws:ec2:us-east-1:567877624442:security-group/sg-001faabfcece43a70",
            "description": "Managed by Terraform",
            "egress": [
              {
                "cidr_blocks": [
                  "0.0.0.0/0"
                ],
                "description": "",
                "from_port": 0,
                "ipv6_cidr_blocks": [],
                "prefix_list_ids": [],
                "protocol": "-1",
                "security_groups": [],
                "self": false,
                "to_port": 0
              }
            ],
            "id": "sg-001faabfcece43a70",
            "ingress": [
              {
                "cidr_blocks": [
                  "0.0.0.0/0"
                ],
                "description": "",
                "from_port": 443,
                "ipv6_cidr_blocks": [],
                "prefix_list_ids": [],
                "protocol": "tcp",
                "security_groups": [],
                "self": false,
                "to_port": 443
              },
              {
                "cidr_blocks": [
                  "0.0.0.0/0"
                ],
                "description": "",
                "from_port": 80,
                "ipv6_cidr_blocks": [],
                "prefix_list_ids": [],
                "protocol": "tcp",
                "security_groups": [],
                "self": false,
                "to_port": 80
              }
            ],
            "name": "codai-alb-sg20250820130938680100000002",
            "name_prefix": "codai-alb-sg",
            "owner_id": "567877624442",
            "revoke_rules_on_delete": false,
            "tags": {
              "Name": "codai-alb-sg"
            },
            "tags_all": {
              "DeployDate": "2025-08-20",
              "Environment": "production",
              "ManagedBy": "Terraform",
              "Name": "codai-alb-sg",
              "Project": "CODAI-Ecosystem",
              "RomAIVersion": "v2.0-logical-reasoning-fix"
            },
            "timeouts": null,
            "vpc_id": "vpc-0e72dfae3415565fd"
          },
          "sensitive_attributes": [],
          "identity_schema_version": 0,
          "private": "eyJlMmJmYjczMC1lY2FhLTExZTYtOGY4OC0zNDM2M2JjN2M0YzAiOnsiY3JlYXRlIjo2MDAwMDAwMDAwMDAsImRlbGV0ZSI6OTAwMDAwMDAwMDAwfSwic2NoZW1hX3ZlcnNpb24iOiIxIn0=",
          "dependencies": [
            "aws_vpc.codai_vpc"
          ]
        }
      ]
    },
    {
      "mode": "managed",
      "type": "aws_security_group",
      "name": "ecs_sg",
      "provider": "provider[\"registry.terraform.io/hashicorp/aws\"]",
      "instances": [
        {
          "schema_version": 1,
          "attributes": {
            "arn": "arn:aws:ec2:us-east-1:567877624442:security-group/sg-06a2f53255d8063db",
            "description": "Managed by Terraform",
            "egress": [
              {
                "cidr_blocks": [
                  "0.0.0.0/0"
                ],
                "description": "",
                "from_port": 0,
                "ipv6_cidr_blocks": [],
                "prefix_list_ids": [],
                "protocol": "-1",
                "security_groups": [],
                "self": false,
                "to_port": 0
              }
            ],
            "id": "sg-06a2f53255d8063db",
            "ingress": [
              {
                "cidr_blocks": [],
                "description": "",
                "from_port": 0,
                "ipv6_cidr_blocks": [],
                "prefix_list_ids": [],
                "protocol": "tcp",
                "security_groups": [
                  "sg-001faabfcece43a70"
                ],
                "self": false,
                "to_port": 65535
              }
            ],
            "name": "codai-ecs-sg20250820130942561800000004",
            "name_prefix": "codai-ecs-sg",
            "owner_id": "567877624442",
            "revoke_rules_on_delete": false,
            "tags": {
              "Name": "codai-ecs-sg"
            },
            "tags_all": {
              "DeployDate": "2025-08-20",
              "Environment": "production",
              "ManagedBy": "Terraform",
              "Name": "codai-ecs-sg",
              "Project": "CODAI-Ecosystem",
              "RomAIVersion": "v2.0-logical-reasoning-fix"
            },
            "timeouts": null,
            "vpc_id": "vpc-0e72dfae3415565fd"
          },
          "sensitive_attributes": [],
          "identity_schema_version": 0,
          "private": "eyJlMmJmYjczMC1lY2FhLTExZTYtOGY4OC0zNDM2M2JjN2M0YzAiOnsiY3JlYXRlIjo2MDAwMDAwMDAwMDAsImRlbGV0ZSI6OTAwMDAwMDAwMDAwfSwic2NoZW1hX3ZlcnNpb24iOiIxIn0=",
          "dependencies": [
            "aws_security_group.alb_sg",
            "aws_vpc.codai_vpc"
          ]
        }
      ]
    },
    {
      "mode": "managed",
      "type": "aws_subnet",
      "name": "public_subnet_1",
      "provider": "provider[\"registry.terraform.io/hashicorp/aws\"]",
      "instances": [
        {
          "schema_version": 1,
          "attributes": {
            "arn": "arn:aws:ec2:us-east-1:567877624442:subnet/subnet-015f68b8b04dea176",
            "assign_ipv6_address_on_creation": false,
            "availability_zone": "us-east-1a",
            "availability_zone_id": "use1-az6",
            "cidr_block": "10.0.1.0/24",
            "customer_owned_ipv4_pool": "",
            "enable_dns64": false,
            "enable_lni_at_device_index": 0,
            "enable_resource_name_dns_a_record_on_launch": false,
            "enable_resource_name_dns_aaaa_record_on_launch": false,
            "id": "subnet-015f68b8b04dea176",
            "ipv6_cidr_block": "",
            "ipv6_cidr_block_association_id": "",
            "ipv6_native": false,
            "map_customer_owned_ip_on_launch": false,
            "map_public_ip_on_launch": true,
            "outpost_arn": "",
            "owner_id": "567877624442",
            "private_dns_hostname_type_on_launch": "ip-name",
            "tags": {
              "Name": "codai-public-subnet-1"
            },
            "tags_all": {
              "DeployDate": "2025-08-20",
              "Environment": "production",
              "ManagedBy": "Terraform",
              "Name": "codai-public-subnet-1",
              "Project": "CODAI-Ecosystem",
              "RomAIVersion": "v2.0-logical-reasoning-fix"
            },
            "timeouts": null,
            "vpc_id": "vpc-0e72dfae3415565fd"
          },
          "sensitive_attributes": [],
          "identity_schema_version": 0,
          "private": "eyJlMmJmYjczMC1lY2FhLTExZTYtOGY4OC0zNDM2M2JjN2M0YzAiOnsiY3JlYXRlIjo2MDAwMDAwMDAwMDAsImRlbGV0ZSI6MTIwMDAwMDAwMDAwMH0sInNjaGVtYV92ZXJzaW9uIjoiMSJ9",
          "dependencies": [
            "aws_vpc.codai_vpc"
          ]
        }
      ]
    },
    {
      "mode": "managed",
      "type": "aws_subnet",
      "name": "public_subnet_2",
      "provider": "provider[\"registry.terraform.io/hashicorp/aws\"]",
      "instances": [
        {
          "schema_version": 1,
          "attributes": {
            "arn": "arn:aws:ec2:us-east-1:567877624442:subnet/subnet-0a474dfdaad322518",
            "assign_ipv6_address_on_creation": false,
            "availability_zone": "us-east-1b",
            "availability_zone_id": "use1-az1",
            "cidr_block": "10.0.2.0/24",
            "customer_owned_ipv4_pool": "",
            "enable_dns64": false,
            "enable_lni_at_device_index": 0,
            "enable_resource_name_dns_a_record_on_launch": false,
            "enable_resource_name_dns_aaaa_record_on_launch": false,
            "id": "subnet-0a474dfdaad322518",
            "ipv6_cidr_block": "",
            "ipv6_cidr_block_association_id": "",
            "ipv6_native": false,
            "map_customer_owned_ip_on_launch": false,
            "map_public_ip_on_launch": true,
            "outpost_arn": "",
            "owner_id": "567877624442",
            "private_dns_hostname_type_on_launch": "ip-name",
            "tags": {
              "Name": "codai-public-subnet-2"
            },
            "tags_all": {
              "DeployDate": "2025-08-20",
              "Environment": "production",
              "ManagedBy": "Terraform",
              "Name": "codai-public-subnet-2",
              "Project": "CODAI-Ecosystem",
              "RomAIVersion": "v2.0-logical-reasoning-fix"
            },
            "timeouts": null,
            "vpc_id": "vpc-0e72dfae3415565fd"
          },
          "sensitive_attributes": [],
          "identity_schema_version": 0,
          "private": "eyJlMmJmYjczMC1lY2FhLTExZTYtOGY4OC0zNDM2M2JjN2M0YzAiOnsiY3JlYXRlIjo2MDAwMDAwMDAwMDAsImRlbGV0ZSI6MTIwMDAwMDAwMDAwMH0sInNjaGVtYV92ZXJzaW9uIjoiMSJ9",
          "dependencies": [
            "aws_vpc.codai_vpc"
          ]
        }
      ]
    },
    {
      "mode": "managed",
      "type": "aws_vpc",
      "name": "codai_vpc",
      "provider": "provider[\"registry.terraform.io/hashicorp/aws\"]",
      "instances": [
        {
          "schema_version": 1,
          "attributes": {
            "arn": "arn:aws:ec2:us-east-1:567877624442:vpc/vpc-0e72dfae3415565fd",
            "assign_generated_ipv6_cidr_block": false,
            "cidr_block": "10.0.0.0/16",
            "default_network_acl_id": "acl-0419c458300c4cc78",
            "default_route_table_id": "rtb-0273471130ab8c29d",
            "default_security_group_id": "sg-00eefff24b69d715a",
            "dhcp_options_id": "dopt-0c50dcf71e7e7abdb",
            "enable_dns_hostnames": true,
            "enable_dns_support": true,
            "enable_network_address_usage_metrics": false,
            "id": "vpc-0e72dfae3415565fd",
            "instance_tenancy": "default",
            "ipv4_ipam_pool_id": null,
            "ipv4_netmask_length": null,
            "ipv6_association_id": "",
            "ipv6_cidr_block": "",
            "ipv6_cidr_block_network_border_group": "",
            "ipv6_ipam_pool_id": "",
            "ipv6_netmask_length": 0,
            "main_route_table_id": "rtb-0273471130ab8c29d",
            "owner_id": "567877624442",
            "tags": {
              "Name": "codai-vpc"
            },
            "tags_all": {
              "DeployDate": "2025-08-20",
              "Environment": "production",
              "ManagedBy": "Terraform",
              "Name": "codai-vpc",
              "Project": "CODAI-Ecosystem",
              "RomAIVersion": "v2.0-logical-reasoning-fix"
            }
          },
          "sensitive_attributes": [],
          "identity_schema_version": 0,
          "private": "eyJzY2hlbWFfdmVyc2lvbiI6IjEifQ=="
        }
      ]
    }
  ],
  "check_results": null
}
